// !$*UTF8*$!
{
	archiveVersion = 1;
	classes = {
	};
	objectVersion = 46;
	objects = {

/* Begin PBXBuildFile section */
		0546D1A38E13BD319CC9755B /* OscReceivedElements.cpp in Sources */ = {isa = PBXBuildFile; fileRef = 9BF3AA0D4FAA89D0F8A0E545 /* OscReceivedElements.cpp */; };
		28090DEB5109115003E8F1C5 /* UdpSocketWin.cpp in Sources */ = {isa = PBXBuildFile; fileRef = 5928AA323F5C2690B06C837D /* UdpSocketWin.cpp */; };
		2B5A4E805891FC6E6EBAC9F5 /* ofxRemoteUIClient.cpp in Sources */ = {isa = PBXBuildFile; fileRef = 81511BCA9C8DB1C0C56E3464 /* ofxRemoteUIClient.cpp */; };
		4ADB88E2FB52E76A471065DE /* ofxOscParameterSync.cpp in Sources */ = {isa = PBXBuildFile; fileRef = 0AED834CE4DEC5260AF302A2 /* ofxOscParameterSync.cpp */; };
		510CAFE035E576A4E1502D52 /* UdpSocket.cpp in Sources */ = {isa = PBXBuildFile; fileRef = E6DEF695B88BA5FAACEAA937 /* UdpSocket.cpp */; };
		567A8E85CAD379B59206852D /* ofxTimeMeasurements.cpp in Sources */ = {isa = PBXBuildFile; fileRef = 113EC1656B3145FE1FA1B295 /* ofxTimeMeasurements.cpp */; };
		5864AD82E20F15536D054EA3 /* ofxOscMessage.cpp in Sources */ = {isa = PBXBuildFile; fileRef = DF49D76C45D5DB505A234880 /* ofxOscMessage.cpp */; };
		5A4349E9754D6FA14C0F2A3A /* tinyxmlparser.cpp in Sources */ = {isa = PBXBuildFile; fileRef = FC5DA1C87211D4F6377DA719 /* tinyxmlparser.cpp */; };
		62545D179C94265CA1389D4A /* OscOutboundPacketStream.cpp in Sources */ = {isa = PBXBuildFile; fileRef = 63A47AC60FFAFC3BF093EC0F /* OscOutboundPacketStream.cpp */; };
		63B57AC5BF4EF088491E0317 /* ofxXmlSettings.cpp in Sources */ = {isa = PBXBuildFile; fileRef = 50DF87D612C5AAE17AAFA6C0 /* ofxXmlSettings.cpp */; };
		640279EE111671BD026CB013 /* ofxOscReceiver.cpp in Sources */ = {isa = PBXBuildFile; fileRef = C2FAC65C491D4231379F3298 /* ofxOscReceiver.cpp */; };
		67FE4C7B15C2F0478C8126C2 /* NetworkingUtils.cpp in Sources */ = {isa = PBXBuildFile; fileRef = 3B361208CD4107E479F04E7B /* NetworkingUtils.cpp */; };
		72A929D3561B8232A182ABFC /* ofxOscBundle.cpp in Sources */ = {isa = PBXBuildFile; fileRef = 65EEFA3DA3526E9CDD9C21F9 /* ofxOscBundle.cpp */; };
		879A251454401BC0B6E4F238 /* OscTypes.cpp in Sources */ = {isa = PBXBuildFile; fileRef = D9BFFBBF4CC43DEE890B3C3E /* OscTypes.cpp */; };
		8F5205AEF8861EF234F0651A /* ofxOscSender.cpp in Sources */ = {isa = PBXBuildFile; fileRef = 81967292BFC87A0144BD32C6 /* ofxOscSender.cpp */; };
		933A2227713C720CEFF80FD9 /* tinyxml.cpp in Sources */ = {isa = PBXBuildFile; fileRef = 2B40EDA85BEB63E46785BC29 /* tinyxml.cpp */; };
		9D44DC88EF9E7991B4A09951 /* tinyxmlerror.cpp in Sources */ = {isa = PBXBuildFile; fileRef = 832BDC407620CDBA568B713D /* tinyxmlerror.cpp */; };
		A29D8C96AE042ECEAA1BD4F3 /* NetworkingUtilsWin.cpp in Sources */ = {isa = PBXBuildFile; fileRef = 2A5B1FAD3F30C8065C396ACB /* NetworkingUtilsWin.cpp */; };
		ADE367465D2A8EBAD4C7A8D9 /* IpEndpointName.cpp in Sources */ = {isa = PBXBuildFile; fileRef = ADD194746185E2DA11468377 /* IpEndpointName.cpp */; };
		AF677F0ABF3AA960413308F9 /* ofxRemoteUIServer.cpp in Sources */ = {isa = PBXBuildFile; fileRef = A7217AB196DA7AF4032570D9 /* ofxRemoteUIServer.cpp */; };
		BBAB23CB13894F3D00AA2426 /* GLUT.framework in CopyFiles */ = {isa = PBXBuildFile; fileRef = BBAB23BE13894E4700AA2426 /* GLUT.framework */; };
		BBB05994189C79A0006E8222 /* LivePreviewBg.cpp in Sources */ = {isa = PBXBuildFile; fileRef = BBB05992189C79A0006E8222 /* LivePreviewBg.cpp */; };
		BBB059A0189C7CFC006E8222 /* ofxAnimatable.cpp in Sources */ = {isa = PBXBuildFile; fileRef = BBB05998189C7CFC006E8222 /* ofxAnimatable.cpp */; };
		BBB059A1189C7CFC006E8222 /* ofxAnimatableFloat.cpp in Sources */ = {isa = PBXBuildFile; fileRef = BBB0599A189C7CFC006E8222 /* ofxAnimatableFloat.cpp */; };
		BBB059A2189C7CFC006E8222 /* ofxAnimatableOfColor.cpp in Sources */ = {isa = PBXBuildFile; fileRef = BBB0599C189C7CFC006E8222 /* ofxAnimatableOfColor.cpp */; };
		BBB059A3189C7CFC006E8222 /* ofxAnimatableOfPoint.cpp in Sources */ = {isa = PBXBuildFile; fileRef = BBB0599E189C7CFC006E8222 /* ofxAnimatableOfPoint.cpp */; };
		BBB117CE189C5C5E006A2156 /* ofxGreenscreen.cpp in Sources */ = {isa = PBXBuildFile; fileRef = BBB117C9189C5C5E006A2156 /* ofxGreenscreen.cpp */; };
		BBB117D1189C5C74006A2156 /* WhiteBgRemover.cpp in Sources */ = {isa = PBXBuildFile; fileRef = BBB117CF189C5C74006A2156 /* WhiteBgRemover.cpp */; };
		BBB11B4517EA21FF002AAAD8 /* DPP.framework in Frameworks */ = {isa = PBXBuildFile; fileRef = BBB11AB017EA21FF002AAAD8 /* DPP.framework */; };
		BBB11B4617EA21FF002AAAD8 /* EDSDK.framework in Frameworks */ = {isa = PBXBuildFile; fileRef = BBB11AB117EA21FF002AAAD8 /* EDSDK.framework */; };
		BBB11B8117EA2223002AAAD8 /* DPP.framework in CopyFiles */ = {isa = PBXBuildFile; fileRef = BBB11AB017EA21FF002AAAD8 /* DPP.framework */; };
		BBB11B8217EA2223002AAAD8 /* EDSDK.framework in CopyFiles */ = {isa = PBXBuildFile; fileRef = BBB11AB117EA21FF002AAAD8 /* EDSDK.framework */; };
		BBB11B8517EA223F002AAAD8 /* ThreadedTakePicture.mm in Sources */ = {isa = PBXBuildFile; fileRef = BBB11B8317EA223F002AAAD8 /* ThreadedTakePicture.mm */; };
		BBB11B8A17EA226C002AAAD8 /* CanonCameraWrapper.mm in Sources */ = {isa = PBXBuildFile; fileRef = BBB11B8817EA226C002AAAD8 /* CanonCameraWrapper.mm */; };
		BBB11B8F17EA2286002AAAD8 /* ThreadedFocus.mm in Sources */ = {isa = PBXBuildFile; fileRef = BBB11B8B17EA2286002AAAD8 /* ThreadedFocus.mm */; };
		BBB11B9017EA2286002AAAD8 /* ThreadedLiveView.mm in Sources */ = {isa = PBXBuildFile; fileRef = BBB11B8D17EA2286002AAAD8 /* ThreadedLiveView.mm */; };
		BBB11C0617EA30F1002AAAD8 /* cameras.c in Sources */ = {isa = PBXBuildFile; fileRef = BBB11BE317EA30F1002AAAD8 /* cameras.c */; };
		BBB11C0717EA30F1002AAAD8 /* core.c in Sources */ = {isa = PBXBuildFile; fileRef = BBB11BE517EA30F1002AAAD8 /* core.c */; };
		BBB11C0817EA30F1002AAAD8 /* registration.c in Sources */ = {isa = PBXBuildFile; fileRef = BBB11BE817EA30F1002AAAD8 /* registration.c */; };
		BBB11C0917EA30F1002AAAD8 /* tilt.c in Sources */ = {isa = PBXBuildFile; fileRef = BBB11BEA17EA30F1002AAAD8 /* tilt.c */; };
		BBB11C0A17EA30F1002AAAD8 /* usb_libusb10.c in Sources */ = {isa = PBXBuildFile; fileRef = BBB11BEB17EA30F1002AAAD8 /* usb_libusb10.c */; };
		BBB11C0C17EA30F1002AAAD8 /* ofxKinect.cpp in Sources */ = {isa = PBXBuildFile; fileRef = BBB11C0217EA30F1002AAAD8 /* ofxKinect.cpp */; };
		BBB11C8A17EA312F002AAAD8 /* ofxCvColorImage.cpp in Sources */ = {isa = PBXBuildFile; fileRef = BBB11C7817EA312F002AAAD8 /* ofxCvColorImage.cpp */; };
		BBB11C8B17EA312F002AAAD8 /* ofxCvContourFinder.cpp in Sources */ = {isa = PBXBuildFile; fileRef = BBB11C7B17EA312F002AAAD8 /* ofxCvContourFinder.cpp */; };
		BBB11C8C17EA312F002AAAD8 /* ofxCvFloatImage.cpp in Sources */ = {isa = PBXBuildFile; fileRef = BBB11C7D17EA312F002AAAD8 /* ofxCvFloatImage.cpp */; };
		BBB11C8D17EA312F002AAAD8 /* ofxCvGrayscaleImage.cpp in Sources */ = {isa = PBXBuildFile; fileRef = BBB11C7F17EA312F002AAAD8 /* ofxCvGrayscaleImage.cpp */; };
		BBB11C8E17EA312F002AAAD8 /* ofxCvHaarFinder.cpp in Sources */ = {isa = PBXBuildFile; fileRef = BBB11C8117EA312F002AAAD8 /* ofxCvHaarFinder.cpp */; };
		BBB11C8F17EA312F002AAAD8 /* ofxCvImage.cpp in Sources */ = {isa = PBXBuildFile; fileRef = BBB11C8317EA312F002AAAD8 /* ofxCvImage.cpp */; };
		BBB11C9017EA312F002AAAD8 /* ofxCvShortImage.cpp in Sources */ = {isa = PBXBuildFile; fileRef = BBB11C8617EA312F002AAAD8 /* ofxCvShortImage.cpp */; };
		C4782ECC372420ACE0615B74 /* OscPrintReceivedElements.cpp in Sources */ = {isa = PBXBuildFile; fileRef = BC8881B3C8C0A1C45F042E7A /* OscPrintReceivedElements.cpp */; };
		CD2B7242E152B8EBF3E65F20 /* ofxRemoteUI.cpp in Sources */ = {isa = PBXBuildFile; fileRef = 0930B95B4ED769EA0391414F /* ofxRemoteUI.cpp */; };
		E4328149138ABC9F0047C5CB /* openFrameworksDebug.a in Frameworks */ = {isa = PBXBuildFile; fileRef = E4328148138ABC890047C5CB /* openFrameworksDebug.a */; };
		E45BE97B0E8CC7DD009D7055 /* AGL.framework in Frameworks */ = {isa = PBXBuildFile; fileRef = E45BE9710E8CC7DD009D7055 /* AGL.framework */; };
		E45BE97C0E8CC7DD009D7055 /* ApplicationServices.framework in Frameworks */ = {isa = PBXBuildFile; fileRef = E45BE9720E8CC7DD009D7055 /* ApplicationServices.framework */; };
		E45BE97D0E8CC7DD009D7055 /* AudioToolbox.framework in Frameworks */ = {isa = PBXBuildFile; fileRef = E45BE9730E8CC7DD009D7055 /* AudioToolbox.framework */; };
		E45BE97E0E8CC7DD009D7055 /* Carbon.framework in Frameworks */ = {isa = PBXBuildFile; fileRef = E45BE9740E8CC7DD009D7055 /* Carbon.framework */; };
		E45BE97F0E8CC7DD009D7055 /* CoreAudio.framework in Frameworks */ = {isa = PBXBuildFile; fileRef = E45BE9750E8CC7DD009D7055 /* CoreAudio.framework */; };
		E45BE9800E8CC7DD009D7055 /* CoreFoundation.framework in Frameworks */ = {isa = PBXBuildFile; fileRef = E45BE9760E8CC7DD009D7055 /* CoreFoundation.framework */; };
		E45BE9810E8CC7DD009D7055 /* CoreServices.framework in Frameworks */ = {isa = PBXBuildFile; fileRef = E45BE9770E8CC7DD009D7055 /* CoreServices.framework */; };
		E45BE9830E8CC7DD009D7055 /* OpenGL.framework in Frameworks */ = {isa = PBXBuildFile; fileRef = E45BE9790E8CC7DD009D7055 /* OpenGL.framework */; };
		E45BE9840E8CC7DD009D7055 /* QuickTime.framework in Frameworks */ = {isa = PBXBuildFile; fileRef = E45BE97A0E8CC7DD009D7055 /* QuickTime.framework */; };
		E4B69E200A3A1BDC003C02F2 /* main.cpp in Sources */ = {isa = PBXBuildFile; fileRef = E4B69E1D0A3A1BDC003C02F2 /* main.cpp */; };
		E4B69E210A3A1BDC003C02F2 /* testApp.mm in Sources */ = {isa = PBXBuildFile; fileRef = E4B69E1E0A3A1BDC003C02F2 /* testApp.mm */; };
		E4C2424710CC5A17004149E2 /* AppKit.framework in Frameworks */ = {isa = PBXBuildFile; fileRef = E4C2424410CC5A17004149E2 /* AppKit.framework */; };
		E4C2424810CC5A17004149E2 /* Cocoa.framework in Frameworks */ = {isa = PBXBuildFile; fileRef = E4C2424510CC5A17004149E2 /* Cocoa.framework */; };
		E4C2424910CC5A17004149E2 /* IOKit.framework in Frameworks */ = {isa = PBXBuildFile; fileRef = E4C2424610CC5A17004149E2 /* IOKit.framework */; };
		E4EB6799138ADC1D00A09F29 /* GLUT.framework in Frameworks */ = {isa = PBXBuildFile; fileRef = BBAB23BE13894E4700AA2426 /* GLUT.framework */; };
		E7E077E515D3B63C0020DFD4 /* CoreVideo.framework in Frameworks */ = {isa = PBXBuildFile; fileRef = E7E077E415D3B63C0020DFD4 /* CoreVideo.framework */; };
		E7E077E815D3B6510020DFD4 /* QTKit.framework in Frameworks */ = {isa = PBXBuildFile; fileRef = E7E077E715D3B6510020DFD4 /* QTKit.framework */; };
		E7F985F815E0DEA3003869B5 /* Accelerate.framework in Frameworks */ = {isa = PBXBuildFile; fileRef = E7F985F515E0DE99003869B5 /* Accelerate.framework */; };
/* End PBXBuildFile section */

/* Begin PBXContainerItemProxy section */
		E4328147138ABC890047C5CB /* PBXContainerItemProxy */ = {
			isa = PBXContainerItemProxy;
			containerPortal = E4328143138ABC890047C5CB /* openFrameworksLib.xcodeproj */;
			proxyType = 2;
			remoteGlobalIDString = E4B27C1510CBEB8E00536013;
			remoteInfo = openFrameworks;
		};
		E4EEB9AB138B136A00A80321 /* PBXContainerItemProxy */ = {
			isa = PBXContainerItemProxy;
			containerPortal = E4328143138ABC890047C5CB /* openFrameworksLib.xcodeproj */;
			proxyType = 1;
			remoteGlobalIDString = E4B27C1410CBEB8E00536013;
			remoteInfo = openFrameworks;
		};
/* End PBXContainerItemProxy section */

/* Begin PBXCopyFilesBuildPhase section */
		E4C2427710CC5ABF004149E2 /* CopyFiles */ = {
			isa = PBXCopyFilesBuildPhase;
			buildActionMask = 2147483647;
			dstPath = "";
			dstSubfolderSpec = 10;
			files = (
				BBAB23CB13894F3D00AA2426 /* GLUT.framework in CopyFiles */,
				BBB11B8117EA2223002AAAD8 /* DPP.framework in CopyFiles */,
				BBB11B8217EA2223002AAAD8 /* EDSDK.framework in CopyFiles */,
			);
			runOnlyForDeploymentPostprocessing = 0;
		};
/* End PBXCopyFilesBuildPhase section */

/* Begin PBXFileReference section */
		00D6D32B84B099226431108C /* ofxOsc.h */ = {isa = PBXFileReference; explicitFileType = sourcecode.c.h; fileEncoding = 30; name = ofxOsc.h; path = ../../../addons/ofxOsc/src/ofxOsc.h; sourceTree = SOURCE_ROOT; };
		01DCC0911400F9ACF5B65578 /* ofxXmlSettings.h */ = {isa = PBXFileReference; explicitFileType = sourcecode.c.h; fileEncoding = 30; name = ofxXmlSettings.h; path = ../../../addons/ofxXmlSettings/src/ofxXmlSettings.h; sourceTree = SOURCE_ROOT; };
		029684CF678F70F6D3537A29 /* OscOutboundPacketStream.h */ = {isa = PBXFileReference; explicitFileType = sourcecode.c.h; fileEncoding = 30; name = OscOutboundPacketStream.h; path = ../../../addons/ofxOsc/libs/oscpack/src/osc/OscOutboundPacketStream.h; sourceTree = SOURCE_ROOT; };
		0930B95B4ED769EA0391414F /* ofxRemoteUI.cpp */ = {isa = PBXFileReference; explicitFileType = sourcecode.cpp.cpp; fileEncoding = 30; name = ofxRemoteUI.cpp; path = ../../../addons/ofxRemoteUI/src/ofxRemoteUI.cpp; sourceTree = SOURCE_ROOT; };
		0AED834CE4DEC5260AF302A2 /* ofxOscParameterSync.cpp */ = {isa = PBXFileReference; explicitFileType = sourcecode.cpp.cpp; fileEncoding = 30; name = ofxOscParameterSync.cpp; path = ../../../addons/ofxOsc/src/ofxOscParameterSync.cpp; sourceTree = SOURCE_ROOT; };
		113EC1656B3145FE1FA1B295 /* ofxTimeMeasurements.cpp */ = {isa = PBXFileReference; explicitFileType = sourcecode.cpp.cpp; fileEncoding = 30; name = ofxTimeMeasurements.cpp; path = ../../../addons/ofxTimeMeasurements/src/ofxTimeMeasurements.cpp; sourceTree = SOURCE_ROOT; };
		20F35AFADAF0068B067E713F /* OscReceivedElements.h */ = {isa = PBXFileReference; explicitFileType = sourcecode.c.h; fileEncoding = 30; name = OscReceivedElements.h; path = ../../../addons/ofxOsc/libs/oscpack/src/osc/OscReceivedElements.h; sourceTree = SOURCE_ROOT; };
		23640F57DF6C4BB6BFC5DA4C /* PacketListener.h */ = {isa = PBXFileReference; explicitFileType = sourcecode.c.h; fileEncoding = 30; name = PacketListener.h; path = ../../../addons/ofxOsc/libs/oscpack/src/ip/PacketListener.h; sourceTree = SOURCE_ROOT; };
		2A5B1FAD3F30C8065C396ACB /* NetworkingUtilsWin.cpp */ = {isa = PBXFileReference; explicitFileType = sourcecode.cpp.cpp; fileEncoding = 30; name = NetworkingUtilsWin.cpp; path = ../../../addons/ofxOsc/libs/oscpack/src/ip/win32/NetworkingUtilsWin.cpp; sourceTree = SOURCE_ROOT; };
		2B40EDA85BEB63E46785BC29 /* tinyxml.cpp */ = {isa = PBXFileReference; explicitFileType = sourcecode.cpp.cpp; fileEncoding = 30; name = tinyxml.cpp; path = ../../../addons/ofxXmlSettings/libs/tinyxml.cpp; sourceTree = SOURCE_ROOT; };
		2FD4B0329909D3527F003494 /* UdpSocket.h */ = {isa = PBXFileReference; explicitFileType = sourcecode.c.h; fileEncoding = 30; name = UdpSocket.h; path = ../../../addons/ofxOsc/libs/oscpack/src/ip/UdpSocket.h; sourceTree = SOURCE_ROOT; };
		3B361208CD4107E479F04E7B /* NetworkingUtils.cpp */ = {isa = PBXFileReference; explicitFileType = sourcecode.cpp.cpp; fileEncoding = 30; name = NetworkingUtils.cpp; path = ../../../addons/ofxOsc/libs/oscpack/src/ip/posix/NetworkingUtils.cpp; sourceTree = SOURCE_ROOT; };
		3F6D2109C7F1A742E6D44A06 /* ofxRemoteUIClient.h */ = {isa = PBXFileReference; explicitFileType = sourcecode.c.h; fileEncoding = 30; name = ofxRemoteUIClient.h; path = ../../../addons/ofxRemoteUI/src/ofxRemoteUIClient.h; sourceTree = SOURCE_ROOT; };
		444657A12E59D0ED86981498 /* TimerListener.h */ = {isa = PBXFileReference; explicitFileType = sourcecode.c.h; fileEncoding = 30; name = TimerListener.h; path = ../../../addons/ofxOsc/libs/oscpack/src/ip/TimerListener.h; sourceTree = SOURCE_ROOT; };
		48974F980F51769171D0B2F5 /* IpEndpointName.h */ = {isa = PBXFileReference; explicitFileType = sourcecode.c.h; fileEncoding = 30; name = IpEndpointName.h; path = ../../../addons/ofxOsc/libs/oscpack/src/ip/IpEndpointName.h; sourceTree = SOURCE_ROOT; };
		4E95FB446A9C9C6F0DE12D75 /* OscPrintReceivedElements.h */ = {isa = PBXFileReference; explicitFileType = sourcecode.c.h; fileEncoding = 30; name = OscPrintReceivedElements.h; path = ../../../addons/ofxOsc/libs/oscpack/src/osc/OscPrintReceivedElements.h; sourceTree = SOURCE_ROOT; };
		50DF87D612C5AAE17AAFA6C0 /* ofxXmlSettings.cpp */ = {isa = PBXFileReference; explicitFileType = sourcecode.cpp.cpp; fileEncoding = 30; name = ofxXmlSettings.cpp; path = ../../../addons/ofxXmlSettings/src/ofxXmlSettings.cpp; sourceTree = SOURCE_ROOT; };
		517BF640D6313BB192F700DA /* uriencode.h */ = {isa = PBXFileReference; explicitFileType = sourcecode.c.h; fileEncoding = 30; name = uriencode.h; path = ../../../addons/ofxRemoteUI/src/uriencode.h; sourceTree = SOURCE_ROOT; };
		5928AA323F5C2690B06C837D /* UdpSocketWin.cpp */ = {isa = PBXFileReference; explicitFileType = sourcecode.cpp.cpp; fileEncoding = 30; name = UdpSocketWin.cpp; path = ../../../addons/ofxOsc/libs/oscpack/src/ip/win32/UdpSocketWin.cpp; sourceTree = SOURCE_ROOT; };
		63A47AC60FFAFC3BF093EC0F /* OscOutboundPacketStream.cpp */ = {isa = PBXFileReference; explicitFileType = sourcecode.cpp.cpp; fileEncoding = 30; name = OscOutboundPacketStream.cpp; path = ../../../addons/ofxOsc/libs/oscpack/src/osc/OscOutboundPacketStream.cpp; sourceTree = SOURCE_ROOT; };
		65EEFA3DA3526E9CDD9C21F9 /* ofxOscBundle.cpp */ = {isa = PBXFileReference; explicitFileType = sourcecode.cpp.cpp; fileEncoding = 30; name = ofxOscBundle.cpp; path = ../../../addons/ofxOsc/src/ofxOscBundle.cpp; sourceTree = SOURCE_ROOT; };
		6B65E6930994CC4B2D2B8B33 /* OscPacketListener.h */ = {isa = PBXFileReference; explicitFileType = sourcecode.c.h; fileEncoding = 30; name = OscPacketListener.h; path = ../../../addons/ofxOsc/libs/oscpack/src/osc/OscPacketListener.h; sourceTree = SOURCE_ROOT; };
		7689F8A0F3D0B7635A8C3104 /* ofxOscArg.h */ = {isa = PBXFileReference; explicitFileType = sourcecode.c.h; fileEncoding = 30; name = ofxOscArg.h; path = ../../../addons/ofxOsc/src/ofxOscArg.h; sourceTree = SOURCE_ROOT; };
		81511BCA9C8DB1C0C56E3464 /* ofxRemoteUIClient.cpp */ = {isa = PBXFileReference; explicitFileType = sourcecode.cpp.cpp; fileEncoding = 30; name = ofxRemoteUIClient.cpp; path = ../../../addons/ofxRemoteUI/src/ofxRemoteUIClient.cpp; sourceTree = SOURCE_ROOT; };
		81967292BFC87A0144BD32C6 /* ofxOscSender.cpp */ = {isa = PBXFileReference; explicitFileType = sourcecode.cpp.cpp; fileEncoding = 30; name = ofxOscSender.cpp; path = ../../../addons/ofxOsc/src/ofxOscSender.cpp; sourceTree = SOURCE_ROOT; };
		81ED11CEF69C144113DE8812 /* ofxRemoteUIServer.h */ = {isa = PBXFileReference; explicitFileType = sourcecode.c.h; fileEncoding = 30; name = ofxRemoteUIServer.h; path = ../../../addons/ofxRemoteUI/src/ofxRemoteUIServer.h; sourceTree = SOURCE_ROOT; };
		832BDC407620CDBA568B713D /* tinyxmlerror.cpp */ = {isa = PBXFileReference; explicitFileType = sourcecode.cpp.cpp; fileEncoding = 30; name = tinyxmlerror.cpp; path = ../../../addons/ofxXmlSettings/libs/tinyxmlerror.cpp; sourceTree = SOURCE_ROOT; };
		83F10DECDFF16F9F1E67D731 /* ofxTimeMeasurements.h */ = {isa = PBXFileReference; explicitFileType = sourcecode.c.h; fileEncoding = 30; name = ofxTimeMeasurements.h; path = ../../../addons/ofxTimeMeasurements/src/ofxTimeMeasurements.h; sourceTree = SOURCE_ROOT; };
		8B30E93FD3D3475EED522A0E /* ofxOscBundle.h */ = {isa = PBXFileReference; explicitFileType = sourcecode.c.h; fileEncoding = 30; name = ofxOscBundle.h; path = ../../../addons/ofxOsc/src/ofxOscBundle.h; sourceTree = SOURCE_ROOT; };
		8C75AFC8774A62495DD53464 /* ofxOscReceiver.h */ = {isa = PBXFileReference; explicitFileType = sourcecode.c.h; fileEncoding = 30; name = ofxOscReceiver.h; path = ../../../addons/ofxOsc/src/ofxOscReceiver.h; sourceTree = SOURCE_ROOT; };
		9442DF247C3A2CF9E86A3964 /* ofxRemoteUI.h */ = {isa = PBXFileReference; explicitFileType = sourcecode.c.h; fileEncoding = 30; name = ofxRemoteUI.h; path = ../../../addons/ofxRemoteUI/src/ofxRemoteUI.h; sourceTree = SOURCE_ROOT; };
		9BF3AA0D4FAA89D0F8A0E545 /* OscReceivedElements.cpp */ = {isa = PBXFileReference; explicitFileType = sourcecode.cpp.cpp; fileEncoding = 30; name = OscReceivedElements.cpp; path = ../../../addons/ofxOsc/libs/oscpack/src/osc/OscReceivedElements.cpp; sourceTree = SOURCE_ROOT; };
		9F7986DC4EB05E75FCE2C777 /* ofxOscSender.h */ = {isa = PBXFileReference; explicitFileType = sourcecode.c.h; fileEncoding = 30; name = ofxOscSender.h; path = ../../../addons/ofxOsc/src/ofxOscSender.h; sourceTree = SOURCE_ROOT; };
		A2AAA8CA403479E6FCDF920E /* OscHostEndianness.h */ = {isa = PBXFileReference; explicitFileType = sourcecode.c.h; fileEncoding = 30; name = OscHostEndianness.h; path = ../../../addons/ofxOsc/libs/oscpack/src/osc/OscHostEndianness.h; sourceTree = SOURCE_ROOT; };
		A3B0F084AE59756CFF2E1323 /* RemoteParam.h */ = {isa = PBXFileReference; explicitFileType = sourcecode.c.h; fileEncoding = 30; name = RemoteParam.h; path = ../../../addons/ofxRemoteUI/src/RemoteParam.h; sourceTree = SOURCE_ROOT; };
		A7217AB196DA7AF4032570D9 /* ofxRemoteUIServer.cpp */ = {isa = PBXFileReference; explicitFileType = sourcecode.cpp.cpp; fileEncoding = 30; name = ofxRemoteUIServer.cpp; path = ../../../addons/ofxRemoteUI/src/ofxRemoteUIServer.cpp; sourceTree = SOURCE_ROOT; };
		ADD194746185E2DA11468377 /* IpEndpointName.cpp */ = {isa = PBXFileReference; explicitFileType = sourcecode.cpp.cpp; fileEncoding = 30; name = IpEndpointName.cpp; path = ../../../addons/ofxOsc/libs/oscpack/src/ip/IpEndpointName.cpp; sourceTree = SOURCE_ROOT; };
		AE335EB4709BFD4671EEAC84 /* MessageMappingOscPacketListener.h */ = {isa = PBXFileReference; explicitFileType = sourcecode.c.h; fileEncoding = 30; name = MessageMappingOscPacketListener.h; path = ../../../addons/ofxOsc/libs/oscpack/src/osc/MessageMappingOscPacketListener.h; sourceTree = SOURCE_ROOT; };
		B21E7E5F548EEA92F368040B /* tinyxml.h */ = {isa = PBXFileReference; explicitFileType = sourcecode.c.h; fileEncoding = 30; name = tinyxml.h; path = ../../../addons/ofxXmlSettings/libs/tinyxml.h; sourceTree = SOURCE_ROOT; };
		B31C608870ECEB2490A93736 /* ofxOscParameterSync.h */ = {isa = PBXFileReference; explicitFileType = sourcecode.c.h; fileEncoding = 30; name = ofxOscParameterSync.h; path = ../../../addons/ofxOsc/src/ofxOscParameterSync.h; sourceTree = SOURCE_ROOT; };
		BBAB23BE13894E4700AA2426 /* GLUT.framework */ = {isa = PBXFileReference; lastKnownFileType = wrapper.framework; name = GLUT.framework; path = ../../../libs/glut/lib/osx/GLUT.framework; sourceTree = "<group>"; };
		BBB05992189C79A0006E8222 /* LivePreviewBg.cpp */ = {isa = PBXFileReference; fileEncoding = 4; lastKnownFileType = sourcecode.cpp.cpp; path = LivePreviewBg.cpp; sourceTree = "<group>"; };
		BBB05993189C79A0006E8222 /* LivePreviewBg.h */ = {isa = PBXFileReference; fileEncoding = 4; lastKnownFileType = sourcecode.c.h; path = LivePreviewBg.h; sourceTree = "<group>"; };
		BBB05995189C7CA4006E8222 /* ShowPhoto.h */ = {isa = PBXFileReference; lastKnownFileType = sourcecode.c.h; path = ShowPhoto.h; sourceTree = "<group>"; };
		BBB05998189C7CFC006E8222 /* ofxAnimatable.cpp */ = {isa = PBXFileReference; lastKnownFileType = sourcecode.cpp.cpp; path = ofxAnimatable.cpp; sourceTree = "<group>"; };
		BBB05999189C7CFC006E8222 /* ofxAnimatable.h */ = {isa = PBXFileReference; lastKnownFileType = sourcecode.c.h; path = ofxAnimatable.h; sourceTree = "<group>"; };
		BBB0599A189C7CFC006E8222 /* ofxAnimatableFloat.cpp */ = {isa = PBXFileReference; lastKnownFileType = sourcecode.cpp.cpp; path = ofxAnimatableFloat.cpp; sourceTree = "<group>"; };
		BBB0599B189C7CFC006E8222 /* ofxAnimatableFloat.h */ = {isa = PBXFileReference; lastKnownFileType = sourcecode.c.h; path = ofxAnimatableFloat.h; sourceTree = "<group>"; };
		BBB0599C189C7CFC006E8222 /* ofxAnimatableOfColor.cpp */ = {isa = PBXFileReference; lastKnownFileType = sourcecode.cpp.cpp; path = ofxAnimatableOfColor.cpp; sourceTree = "<group>"; };
		BBB0599D189C7CFC006E8222 /* ofxAnimatableOfColor.h */ = {isa = PBXFileReference; lastKnownFileType = sourcecode.c.h; path = ofxAnimatableOfColor.h; sourceTree = "<group>"; };
		BBB0599E189C7CFC006E8222 /* ofxAnimatableOfPoint.cpp */ = {isa = PBXFileReference; lastKnownFileType = sourcecode.cpp.cpp; path = ofxAnimatableOfPoint.cpp; sourceTree = "<group>"; };
		BBB0599F189C7CFC006E8222 /* ofxAnimatableOfPoint.h */ = {isa = PBXFileReference; lastKnownFileType = sourcecode.c.h; path = ofxAnimatableOfPoint.h; sourceTree = "<group>"; };
		BBB117C9189C5C5E006A2156 /* ofxGreenscreen.cpp */ = {isa = PBXFileReference; fileEncoding = 4; lastKnownFileType = sourcecode.cpp.cpp; path = ofxGreenscreen.cpp; sourceTree = "<group>"; };
		BBB117CA189C5C5E006A2156 /* ofxGreenscreen.h */ = {isa = PBXFileReference; fileEncoding = 4; lastKnownFileType = sourcecode.c.h; path = ofxGreenscreen.h; sourceTree = "<group>"; };
		BBB117CF189C5C74006A2156 /* WhiteBgRemover.cpp */ = {isa = PBXFileReference; fileEncoding = 4; lastKnownFileType = sourcecode.cpp.cpp; path = WhiteBgRemover.cpp; sourceTree = "<group>"; };
		BBB117D0189C5C74006A2156 /* WhiteBgRemover.h */ = {isa = PBXFileReference; fileEncoding = 4; lastKnownFileType = sourcecode.c.h; path = WhiteBgRemover.h; sourceTree = "<group>"; };
		BBB11AB017EA21FF002AAAD8 /* DPP.framework */ = {isa = PBXFileReference; lastKnownFileType = wrapper.framework; path = DPP.framework; sourceTree = "<group>"; };
		BBB11AB117EA21FF002AAAD8 /* EDSDK.framework */ = {isa = PBXFileReference; lastKnownFileType = wrapper.framework; path = EDSDK.framework; sourceTree = "<group>"; };
		BBB11AB317EA21FF002AAAD8 /* EDSDK.h */ = {isa = PBXFileReference; fileEncoding = 4; lastKnownFileType = sourcecode.c.h; path = EDSDK.h; sourceTree = "<group>"; };
		BBB11AB417EA21FF002AAAD8 /* EDSDKErrors.h */ = {isa = PBXFileReference; fileEncoding = 4; lastKnownFileType = sourcecode.c.h; path = EDSDKErrors.h; sourceTree = "<group>"; };
		BBB11AB517EA21FF002AAAD8 /* EDSDKTypes.h */ = {isa = PBXFileReference; fileEncoding = 4; lastKnownFileType = sourcecode.c.h; path = EDSDKTypes.h; sourceTree = "<group>"; };
		BBB11B8317EA223F002AAAD8 /* ThreadedTakePicture.mm */ = {isa = PBXFileReference; fileEncoding = 4; lastKnownFileType = sourcecode.cpp.objcpp; path = ThreadedTakePicture.mm; sourceTree = "<group>"; };
		BBB11B8417EA223F002AAAD8 /* ThreadedTakePicture.h */ = {isa = PBXFileReference; fileEncoding = 4; lastKnownFileType = sourcecode.c.h; path = ThreadedTakePicture.h; sourceTree = "<group>"; };
		BBB11B8617EA2243002AAAD8 /* CanonConstants.h */ = {isa = PBXFileReference; fileEncoding = 4; lastKnownFileType = sourcecode.c.h; path = CanonConstants.h; sourceTree = "<group>"; };
		BBB11B8817EA226C002AAAD8 /* CanonCameraWrapper.mm */ = {isa = PBXFileReference; fileEncoding = 4; lastKnownFileType = sourcecode.cpp.objcpp; path = CanonCameraWrapper.mm; sourceTree = "<group>"; };
		BBB11B8917EA226C002AAAD8 /* CanonCameraWrapper.h */ = {isa = PBXFileReference; fileEncoding = 4; lastKnownFileType = sourcecode.c.h; path = CanonCameraWrapper.h; sourceTree = "<group>"; };
		BBB11B8B17EA2286002AAAD8 /* ThreadedFocus.mm */ = {isa = PBXFileReference; fileEncoding = 4; lastKnownFileType = sourcecode.cpp.objcpp; path = ThreadedFocus.mm; sourceTree = "<group>"; };
		BBB11B8C17EA2286002AAAD8 /* ThreadedFocus.h */ = {isa = PBXFileReference; fileEncoding = 4; lastKnownFileType = sourcecode.c.h; path = ThreadedFocus.h; sourceTree = "<group>"; };
		BBB11B8D17EA2286002AAAD8 /* ThreadedLiveView.mm */ = {isa = PBXFileReference; fileEncoding = 4; lastKnownFileType = sourcecode.cpp.objcpp; path = ThreadedLiveView.mm; sourceTree = "<group>"; };
		BBB11B8E17EA2286002AAAD8 /* ThreadedLiveView.h */ = {isa = PBXFileReference; fileEncoding = 4; lastKnownFileType = sourcecode.c.h; path = ThreadedLiveView.h; sourceTree = "<group>"; };
		BBB11B9D17EA30F1002AAAD8 /* libfreenect-registration.h */ = {isa = PBXFileReference; fileEncoding = 4; lastKnownFileType = sourcecode.c.h; path = "libfreenect-registration.h"; sourceTree = "<group>"; };
		BBB11B9E17EA30F1002AAAD8 /* libfreenect.h */ = {isa = PBXFileReference; fileEncoding = 4; lastKnownFileType = sourcecode.c.h; path = libfreenect.h; sourceTree = "<group>"; };
		BBB11BE317EA30F1002AAAD8 /* cameras.c */ = {isa = PBXFileReference; fileEncoding = 4; lastKnownFileType = sourcecode.c.c; path = cameras.c; sourceTree = "<group>"; };
		BBB11BE417EA30F1002AAAD8 /* cameras.h */ = {isa = PBXFileReference; fileEncoding = 4; lastKnownFileType = sourcecode.c.h; path = cameras.h; sourceTree = "<group>"; };
		BBB11BE517EA30F1002AAAD8 /* core.c */ = {isa = PBXFileReference; fileEncoding = 4; lastKnownFileType = sourcecode.c.c; path = core.c; sourceTree = "<group>"; };
		BBB11BE617EA30F1002AAAD8 /* freenect_internal.h */ = {isa = PBXFileReference; fileEncoding = 4; lastKnownFileType = sourcecode.c.h; path = freenect_internal.h; sourceTree = "<group>"; };
		BBB11BE717EA30F1002AAAD8 /* loader.h */ = {isa = PBXFileReference; fileEncoding = 4; lastKnownFileType = sourcecode.c.h; path = loader.h; sourceTree = "<group>"; };
		BBB11BE817EA30F1002AAAD8 /* registration.c */ = {isa = PBXFileReference; fileEncoding = 4; lastKnownFileType = sourcecode.c.c; path = registration.c; sourceTree = "<group>"; };
		BBB11BE917EA30F1002AAAD8 /* registration.h */ = {isa = PBXFileReference; fileEncoding = 4; lastKnownFileType = sourcecode.c.h; path = registration.h; sourceTree = "<group>"; };
		BBB11BEA17EA30F1002AAAD8 /* tilt.c */ = {isa = PBXFileReference; fileEncoding = 4; lastKnownFileType = sourcecode.c.c; path = tilt.c; sourceTree = "<group>"; };
		BBB11BEB17EA30F1002AAAD8 /* usb_libusb10.c */ = {isa = PBXFileReference; fileEncoding = 4; lastKnownFileType = sourcecode.c.c; path = usb_libusb10.c; sourceTree = "<group>"; };
		BBB11BEC17EA30F1002AAAD8 /* usb_libusb10.h */ = {isa = PBXFileReference; fileEncoding = 4; lastKnownFileType = sourcecode.c.h; path = usb_libusb10.h; sourceTree = "<group>"; };
		BBB11BF017EA30F1002AAAD8 /* libusb.h */ = {isa = PBXFileReference; fileEncoding = 4; lastKnownFileType = sourcecode.c.h; path = libusb.h; sourceTree = "<group>"; };
		BBB11C0117EA30F1002AAAD8 /* ofxBase3DVideo.h */ = {isa = PBXFileReference; fileEncoding = 4; lastKnownFileType = sourcecode.c.h; path = ofxBase3DVideo.h; sourceTree = "<group>"; };
		BBB11C0217EA30F1002AAAD8 /* ofxKinect.cpp */ = {isa = PBXFileReference; fileEncoding = 4; lastKnownFileType = sourcecode.cpp.cpp; path = ofxKinect.cpp; sourceTree = "<group>"; };
		BBB11C0317EA30F1002AAAD8 /* ofxKinect.h */ = {isa = PBXFileReference; fileEncoding = 4; lastKnownFileType = sourcecode.c.h; path = ofxKinect.h; sourceTree = "<group>"; };
		BBB11C0E17EA312F002AAAD8 /* addon_config.mk */ = {isa = PBXFileReference; fileEncoding = 4; lastKnownFileType = text; path = addon_config.mk; sourceTree = "<group>"; };
		BBB11C1317EA312F002AAAD8 /* cv.h */ = {isa = PBXFileReference; fileEncoding = 4; lastKnownFileType = sourcecode.c.h; path = cv.h; sourceTree = "<group>"; };
		BBB11C1417EA312F002AAAD8 /* cv.hpp */ = {isa = PBXFileReference; fileEncoding = 4; lastKnownFileType = sourcecode.cpp.h; path = cv.hpp; sourceTree = "<group>"; };
		BBB11C1517EA312F002AAAD8 /* cvaux.h */ = {isa = PBXFileReference; fileEncoding = 4; lastKnownFileType = sourcecode.c.h; path = cvaux.h; sourceTree = "<group>"; };
		BBB11C1617EA312F002AAAD8 /* cvaux.hpp */ = {isa = PBXFileReference; fileEncoding = 4; lastKnownFileType = sourcecode.cpp.h; path = cvaux.hpp; sourceTree = "<group>"; };
		BBB11C1717EA312F002AAAD8 /* cvwimage.h */ = {isa = PBXFileReference; fileEncoding = 4; lastKnownFileType = sourcecode.c.h; path = cvwimage.h; sourceTree = "<group>"; };
		BBB11C1817EA312F002AAAD8 /* cxcore.h */ = {isa = PBXFileReference; fileEncoding = 4; lastKnownFileType = sourcecode.c.h; path = cxcore.h; sourceTree = "<group>"; };
		BBB11C1917EA312F002AAAD8 /* cxcore.hpp */ = {isa = PBXFileReference; fileEncoding = 4; lastKnownFileType = sourcecode.cpp.h; path = cxcore.hpp; sourceTree = "<group>"; };
		BBB11C1A17EA312F002AAAD8 /* cxeigen.hpp */ = {isa = PBXFileReference; fileEncoding = 4; lastKnownFileType = sourcecode.cpp.h; path = cxeigen.hpp; sourceTree = "<group>"; };
		BBB11C1B17EA312F002AAAD8 /* cxmisc.h */ = {isa = PBXFileReference; fileEncoding = 4; lastKnownFileType = sourcecode.c.h; path = cxmisc.h; sourceTree = "<group>"; };
		BBB11C1C17EA312F002AAAD8 /* highgui.h */ = {isa = PBXFileReference; fileEncoding = 4; lastKnownFileType = sourcecode.c.h; path = highgui.h; sourceTree = "<group>"; };
		BBB11C1D17EA312F002AAAD8 /* ml.h */ = {isa = PBXFileReference; fileEncoding = 4; lastKnownFileType = sourcecode.c.h; path = ml.h; sourceTree = "<group>"; };
		BBB11C2017EA312F002AAAD8 /* calib3d.hpp */ = {isa = PBXFileReference; fileEncoding = 4; lastKnownFileType = sourcecode.cpp.h; path = calib3d.hpp; sourceTree = "<group>"; };
		BBB11C2217EA312F002AAAD8 /* contrib.hpp */ = {isa = PBXFileReference; fileEncoding = 4; lastKnownFileType = sourcecode.cpp.h; path = contrib.hpp; sourceTree = "<group>"; };
		BBB11C2317EA312F002AAAD8 /* retina.hpp */ = {isa = PBXFileReference; fileEncoding = 4; lastKnownFileType = sourcecode.cpp.h; path = retina.hpp; sourceTree = "<group>"; };
		BBB11C2517EA312F002AAAD8 /* core.hpp */ = {isa = PBXFileReference; fileEncoding = 4; lastKnownFileType = sourcecode.cpp.h; path = core.hpp; sourceTree = "<group>"; };
		BBB11C2617EA312F002AAAD8 /* core_c.h */ = {isa = PBXFileReference; fileEncoding = 4; lastKnownFileType = sourcecode.c.h; path = core_c.h; sourceTree = "<group>"; };
		BBB11C2717EA312F002AAAD8 /* eigen.hpp */ = {isa = PBXFileReference; fileEncoding = 4; lastKnownFileType = sourcecode.cpp.h; path = eigen.hpp; sourceTree = "<group>"; };
		BBB11C2817EA312F002AAAD8 /* internal.hpp */ = {isa = PBXFileReference; fileEncoding = 4; lastKnownFileType = sourcecode.cpp.h; path = internal.hpp; sourceTree = "<group>"; };
		BBB11C2917EA312F002AAAD8 /* mat.hpp */ = {isa = PBXFileReference; fileEncoding = 4; lastKnownFileType = sourcecode.cpp.h; path = mat.hpp; sourceTree = "<group>"; };
		BBB11C2A17EA312F002AAAD8 /* operations.hpp */ = {isa = PBXFileReference; fileEncoding = 4; lastKnownFileType = sourcecode.cpp.h; path = operations.hpp; sourceTree = "<group>"; };
		BBB11C2B17EA312F002AAAD8 /* types_c.h */ = {isa = PBXFileReference; fileEncoding = 4; lastKnownFileType = sourcecode.c.h; path = types_c.h; sourceTree = "<group>"; };
		BBB11C2C17EA312F002AAAD8 /* version.hpp */ = {isa = PBXFileReference; fileEncoding = 4; lastKnownFileType = sourcecode.cpp.h; path = version.hpp; sourceTree = "<group>"; };
		BBB11C2D17EA312F002AAAD8 /* wimage.hpp */ = {isa = PBXFileReference; fileEncoding = 4; lastKnownFileType = sourcecode.cpp.h; path = wimage.hpp; sourceTree = "<group>"; };
		BBB11C2F17EA312F002AAAD8 /* features2d.hpp */ = {isa = PBXFileReference; fileEncoding = 4; lastKnownFileType = sourcecode.cpp.h; path = features2d.hpp; sourceTree = "<group>"; };
		BBB11C3117EA312F002AAAD8 /* all_indices.h */ = {isa = PBXFileReference; fileEncoding = 4; lastKnownFileType = sourcecode.c.h; path = all_indices.h; sourceTree = "<group>"; };
		BBB11C3217EA312F002AAAD8 /* allocator.h */ = {isa = PBXFileReference; fileEncoding = 4; lastKnownFileType = sourcecode.c.h; path = allocator.h; sourceTree = "<group>"; };
		BBB11C3317EA312F002AAAD8 /* any.h */ = {isa = PBXFileReference; fileEncoding = 4; lastKnownFileType = sourcecode.c.h; path = any.h; sourceTree = "<group>"; };
		BBB11C3417EA312F002AAAD8 /* autotuned_index.h */ = {isa = PBXFileReference; fileEncoding = 4; lastKnownFileType = sourcecode.c.h; path = autotuned_index.h; sourceTree = "<group>"; };
		BBB11C3517EA312F002AAAD8 /* composite_index.h */ = {isa = PBXFileReference; fileEncoding = 4; lastKnownFileType = sourcecode.c.h; path = composite_index.h; sourceTree = "<group>"; };
		BBB11C3617EA312F002AAAD8 /* config.h */ = {isa = PBXFileReference; fileEncoding = 4; lastKnownFileType = sourcecode.c.h; path = config.h; sourceTree = "<group>"; };
		BBB11C3717EA312F002AAAD8 /* defines.h */ = {isa = PBXFileReference; fileEncoding = 4; lastKnownFileType = sourcecode.c.h; path = defines.h; sourceTree = "<group>"; };
		BBB11C3817EA312F002AAAD8 /* dist.h */ = {isa = PBXFileReference; fileEncoding = 4; lastKnownFileType = sourcecode.c.h; path = dist.h; sourceTree = "<group>"; };
		BBB11C3917EA312F002AAAD8 /* dummy.h */ = {isa = PBXFileReference; fileEncoding = 4; lastKnownFileType = sourcecode.c.h; path = dummy.h; sourceTree = "<group>"; };
		BBB11C3A17EA312F002AAAD8 /* dynamic_bitset.h */ = {isa = PBXFileReference; fileEncoding = 4; lastKnownFileType = sourcecode.c.h; path = dynamic_bitset.h; sourceTree = "<group>"; };
		BBB11C3B17EA312F002AAAD8 /* flann.hpp */ = {isa = PBXFileReference; fileEncoding = 4; lastKnownFileType = sourcecode.cpp.h; path = flann.hpp; sourceTree = "<group>"; };
		BBB11C3C17EA312F002AAAD8 /* flann_base.hpp */ = {isa = PBXFileReference; fileEncoding = 4; lastKnownFileType = sourcecode.cpp.h; path = flann_base.hpp; sourceTree = "<group>"; };
		BBB11C3D17EA312F002AAAD8 /* general.h */ = {isa = PBXFileReference; fileEncoding = 4; lastKnownFileType = sourcecode.c.h; path = general.h; sourceTree = "<group>"; };
		BBB11C3E17EA312F002AAAD8 /* ground_truth.h */ = {isa = PBXFileReference; fileEncoding = 4; lastKnownFileType = sourcecode.c.h; path = ground_truth.h; sourceTree = "<group>"; };
		BBB11C3F17EA312F002AAAD8 /* hdf5.h */ = {isa = PBXFileReference; fileEncoding = 4; lastKnownFileType = sourcecode.c.h; path = hdf5.h; sourceTree = "<group>"; };
		BBB11C4017EA312F002AAAD8 /* heap.h */ = {isa = PBXFileReference; fileEncoding = 4; lastKnownFileType = sourcecode.c.h; path = heap.h; sourceTree = "<group>"; };
		BBB11C4117EA312F002AAAD8 /* hierarchical_clustering_index.h */ = {isa = PBXFileReference; fileEncoding = 4; lastKnownFileType = sourcecode.c.h; path = hierarchical_clustering_index.h; sourceTree = "<group>"; };
		BBB11C4217EA312F002AAAD8 /* index_testing.h */ = {isa = PBXFileReference; fileEncoding = 4; lastKnownFileType = sourcecode.c.h; path = index_testing.h; sourceTree = "<group>"; };
		BBB11C4317EA312F002AAAD8 /* kdtree_index.h */ = {isa = PBXFileReference; fileEncoding = 4; lastKnownFileType = sourcecode.c.h; path = kdtree_index.h; sourceTree = "<group>"; };
		BBB11C4417EA312F002AAAD8 /* kdtree_single_index.h */ = {isa = PBXFileReference; fileEncoding = 4; lastKnownFileType = sourcecode.c.h; path = kdtree_single_index.h; sourceTree = "<group>"; };
		BBB11C4517EA312F002AAAD8 /* kmeans_index.h */ = {isa = PBXFileReference; fileEncoding = 4; lastKnownFileType = sourcecode.c.h; path = kmeans_index.h; sourceTree = "<group>"; };
		BBB11C4617EA312F002AAAD8 /* linear_index.h */ = {isa = PBXFileReference; fileEncoding = 4; lastKnownFileType = sourcecode.c.h; path = linear_index.h; sourceTree = "<group>"; };
		BBB11C4717EA312F002AAAD8 /* logger.h */ = {isa = PBXFileReference; fileEncoding = 4; lastKnownFileType = sourcecode.c.h; path = logger.h; sourceTree = "<group>"; };
		BBB11C4817EA312F002AAAD8 /* lsh_index.h */ = {isa = PBXFileReference; fileEncoding = 4; lastKnownFileType = sourcecode.c.h; path = lsh_index.h; sourceTree = "<group>"; };
		BBB11C4917EA312F002AAAD8 /* lsh_table.h */ = {isa = PBXFileReference; fileEncoding = 4; lastKnownFileType = sourcecode.c.h; path = lsh_table.h; sourceTree = "<group>"; };
		BBB11C4A17EA312F002AAAD8 /* matrix.h */ = {isa = PBXFileReference; fileEncoding = 4; lastKnownFileType = sourcecode.c.h; path = matrix.h; sourceTree = "<group>"; };
		BBB11C4B17EA312F002AAAD8 /* miniflann.hpp */ = {isa = PBXFileReference; fileEncoding = 4; lastKnownFileType = sourcecode.cpp.h; path = miniflann.hpp; sourceTree = "<group>"; };
		BBB11C4C17EA312F002AAAD8 /* nn_index.h */ = {isa = PBXFileReference; fileEncoding = 4; lastKnownFileType = sourcecode.c.h; path = nn_index.h; sourceTree = "<group>"; };
		BBB11C4D17EA312F002AAAD8 /* object_factory.h */ = {isa = PBXFileReference; fileEncoding = 4; lastKnownFileType = sourcecode.c.h; path = object_factory.h; sourceTree = "<group>"; };
		BBB11C4E17EA312F002AAAD8 /* params.h */ = {isa = PBXFileReference; fileEncoding = 4; lastKnownFileType = sourcecode.c.h; path = params.h; sourceTree = "<group>"; };
		BBB11C4F17EA312F002AAAD8 /* random.h */ = {isa = PBXFileReference; fileEncoding = 4; lastKnownFileType = sourcecode.c.h; path = random.h; sourceTree = "<group>"; };
		BBB11C5017EA312F002AAAD8 /* result_set.h */ = {isa = PBXFileReference; fileEncoding = 4; lastKnownFileType = sourcecode.c.h; path = result_set.h; sourceTree = "<group>"; };
		BBB11C5117EA312F002AAAD8 /* sampling.h */ = {isa = PBXFileReference; fileEncoding = 4; lastKnownFileType = sourcecode.c.h; path = sampling.h; sourceTree = "<group>"; };
		BBB11C5217EA312F002AAAD8 /* saving.h */ = {isa = PBXFileReference; fileEncoding = 4; lastKnownFileType = sourcecode.c.h; path = saving.h; sourceTree = "<group>"; };
		BBB11C5317EA312F002AAAD8 /* simplex_downhill.h */ = {isa = PBXFileReference; fileEncoding = 4; lastKnownFileType = sourcecode.c.h; path = simplex_downhill.h; sourceTree = "<group>"; };
		BBB11C5417EA312F002AAAD8 /* timer.h */ = {isa = PBXFileReference; fileEncoding = 4; lastKnownFileType = sourcecode.c.h; path = timer.h; sourceTree = "<group>"; };
		BBB11C5617EA312F002AAAD8 /* devmem2d.hpp */ = {isa = PBXFileReference; fileEncoding = 4; lastKnownFileType = sourcecode.cpp.h; path = devmem2d.hpp; sourceTree = "<group>"; };
		BBB11C5717EA312F002AAAD8 /* gpu.hpp */ = {isa = PBXFileReference; fileEncoding = 4; lastKnownFileType = sourcecode.cpp.h; path = gpu.hpp; sourceTree = "<group>"; };
		BBB11C5817EA312F002AAAD8 /* gpumat.hpp */ = {isa = PBXFileReference; fileEncoding = 4; lastKnownFileType = sourcecode.cpp.h; path = gpumat.hpp; sourceTree = "<group>"; };
		BBB11C5917EA312F002AAAD8 /* matrix_operations.hpp */ = {isa = PBXFileReference; fileEncoding = 4; lastKnownFileType = sourcecode.cpp.h; path = matrix_operations.hpp; sourceTree = "<group>"; };
		BBB11C5A17EA312F002AAAD8 /* stream_accessor.hpp */ = {isa = PBXFileReference; fileEncoding = 4; lastKnownFileType = sourcecode.cpp.h; path = stream_accessor.hpp; sourceTree = "<group>"; };
		BBB11C5C17EA312F002AAAD8 /* highgui.hpp */ = {isa = PBXFileReference; fileEncoding = 4; lastKnownFileType = sourcecode.cpp.h; path = highgui.hpp; sourceTree = "<group>"; };
		BBB11C5D17EA312F002AAAD8 /* highgui_c.h */ = {isa = PBXFileReference; fileEncoding = 4; lastKnownFileType = sourcecode.c.h; path = highgui_c.h; sourceTree = "<group>"; };
		BBB11C5F17EA312F002AAAD8 /* imgproc.hpp */ = {isa = PBXFileReference; fileEncoding = 4; lastKnownFileType = sourcecode.cpp.h; path = imgproc.hpp; sourceTree = "<group>"; };
		BBB11C6017EA312F002AAAD8 /* imgproc_c.h */ = {isa = PBXFileReference; fileEncoding = 4; lastKnownFileType = sourcecode.c.h; path = imgproc_c.h; sourceTree = "<group>"; };
		BBB11C6117EA312F002AAAD8 /* types_c.h */ = {isa = PBXFileReference; fileEncoding = 4; lastKnownFileType = sourcecode.c.h; path = types_c.h; sourceTree = "<group>"; };
		BBB11C6317EA312F002AAAD8 /* blobtrack.hpp */ = {isa = PBXFileReference; fileEncoding = 4; lastKnownFileType = sourcecode.cpp.h; path = blobtrack.hpp; sourceTree = "<group>"; };
		BBB11C6417EA312F002AAAD8 /* compat.hpp */ = {isa = PBXFileReference; fileEncoding = 4; lastKnownFileType = sourcecode.cpp.h; path = compat.hpp; sourceTree = "<group>"; };
		BBB11C6517EA312F002AAAD8 /* legacy.hpp */ = {isa = PBXFileReference; fileEncoding = 4; lastKnownFileType = sourcecode.cpp.h; path = legacy.hpp; sourceTree = "<group>"; };
		BBB11C6617EA312F002AAAD8 /* streams.hpp */ = {isa = PBXFileReference; fileEncoding = 4; lastKnownFileType = sourcecode.cpp.h; path = streams.hpp; sourceTree = "<group>"; };
		BBB11C6817EA312F002AAAD8 /* ml.hpp */ = {isa = PBXFileReference; fileEncoding = 4; lastKnownFileType = sourcecode.cpp.h; path = ml.hpp; sourceTree = "<group>"; };
		BBB11C6A17EA312F002AAAD8 /* objdetect.hpp */ = {isa = PBXFileReference; fileEncoding = 4; lastKnownFileType = sourcecode.cpp.h; path = objdetect.hpp; sourceTree = "<group>"; };
		BBB11C6B17EA312F002AAAD8 /* opencv.hpp */ = {isa = PBXFileReference; fileEncoding = 4; lastKnownFileType = sourcecode.cpp.h; path = opencv.hpp; sourceTree = "<group>"; };
		BBB11C6D17EA312F002AAAD8 /* ts.hpp */ = {isa = PBXFileReference; fileEncoding = 4; lastKnownFileType = sourcecode.cpp.h; path = ts.hpp; sourceTree = "<group>"; };
		BBB11C6E17EA312F002AAAD8 /* ts_gtest.h */ = {isa = PBXFileReference; fileEncoding = 4; lastKnownFileType = sourcecode.c.h; path = ts_gtest.h; sourceTree = "<group>"; };
		BBB11C7017EA312F002AAAD8 /* background_segm.hpp */ = {isa = PBXFileReference; fileEncoding = 4; lastKnownFileType = sourcecode.cpp.h; path = background_segm.hpp; sourceTree = "<group>"; };
		BBB11C7117EA312F002AAAD8 /* tracking.hpp */ = {isa = PBXFileReference; fileEncoding = 4; lastKnownFileType = sourcecode.cpp.h; path = tracking.hpp; sourceTree = "<group>"; };
		BBB11C7217EA312F002AAAD8 /* video.hpp */ = {isa = PBXFileReference; fileEncoding = 4; lastKnownFileType = sourcecode.cpp.h; path = video.hpp; sourceTree = "<group>"; };
		BBB11C7517EA312F002AAAD8 /* opencv.a */ = {isa = PBXFileReference; lastKnownFileType = archive.ar; path = opencv.a; sourceTree = "<group>"; };
		BBB11C7717EA312F002AAAD8 /* ofxCvBlob.h */ = {isa = PBXFileReference; fileEncoding = 4; lastKnownFileType = sourcecode.c.h; path = ofxCvBlob.h; sourceTree = "<group>"; };
		BBB11C7817EA312F002AAAD8 /* ofxCvColorImage.cpp */ = {isa = PBXFileReference; fileEncoding = 4; lastKnownFileType = sourcecode.cpp.cpp; path = ofxCvColorImage.cpp; sourceTree = "<group>"; };
		BBB11C7917EA312F002AAAD8 /* ofxCvColorImage.h */ = {isa = PBXFileReference; fileEncoding = 4; lastKnownFileType = sourcecode.c.h; path = ofxCvColorImage.h; sourceTree = "<group>"; };
		BBB11C7A17EA312F002AAAD8 /* ofxCvConstants.h */ = {isa = PBXFileReference; fileEncoding = 4; lastKnownFileType = sourcecode.c.h; path = ofxCvConstants.h; sourceTree = "<group>"; };
		BBB11C7B17EA312F002AAAD8 /* ofxCvContourFinder.cpp */ = {isa = PBXFileReference; fileEncoding = 4; lastKnownFileType = sourcecode.cpp.cpp; path = ofxCvContourFinder.cpp; sourceTree = "<group>"; };
		BBB11C7C17EA312F002AAAD8 /* ofxCvContourFinder.h */ = {isa = PBXFileReference; fileEncoding = 4; lastKnownFileType = sourcecode.c.h; path = ofxCvContourFinder.h; sourceTree = "<group>"; };
		BBB11C7D17EA312F002AAAD8 /* ofxCvFloatImage.cpp */ = {isa = PBXFileReference; fileEncoding = 4; lastKnownFileType = sourcecode.cpp.cpp; path = ofxCvFloatImage.cpp; sourceTree = "<group>"; };
		BBB11C7E17EA312F002AAAD8 /* ofxCvFloatImage.h */ = {isa = PBXFileReference; fileEncoding = 4; lastKnownFileType = sourcecode.c.h; path = ofxCvFloatImage.h; sourceTree = "<group>"; };
		BBB11C7F17EA312F002AAAD8 /* ofxCvGrayscaleImage.cpp */ = {isa = PBXFileReference; fileEncoding = 4; lastKnownFileType = sourcecode.cpp.cpp; path = ofxCvGrayscaleImage.cpp; sourceTree = "<group>"; };
		BBB11C8017EA312F002AAAD8 /* ofxCvGrayscaleImage.h */ = {isa = PBXFileReference; fileEncoding = 4; lastKnownFileType = sourcecode.c.h; path = ofxCvGrayscaleImage.h; sourceTree = "<group>"; };
		BBB11C8117EA312F002AAAD8 /* ofxCvHaarFinder.cpp */ = {isa = PBXFileReference; fileEncoding = 4; lastKnownFileType = sourcecode.cpp.cpp; path = ofxCvHaarFinder.cpp; sourceTree = "<group>"; };
		BBB11C8217EA312F002AAAD8 /* ofxCvHaarFinder.h */ = {isa = PBXFileReference; fileEncoding = 4; lastKnownFileType = sourcecode.c.h; path = ofxCvHaarFinder.h; sourceTree = "<group>"; };
		BBB11C8317EA312F002AAAD8 /* ofxCvImage.cpp */ = {isa = PBXFileReference; fileEncoding = 4; lastKnownFileType = sourcecode.cpp.cpp; path = ofxCvImage.cpp; sourceTree = "<group>"; };
		BBB11C8417EA312F002AAAD8 /* ofxCvImage.h */ = {isa = PBXFileReference; fileEncoding = 4; lastKnownFileType = sourcecode.c.h; path = ofxCvImage.h; sourceTree = "<group>"; };
		BBB11C8517EA312F002AAAD8 /* ofxCvMain.h */ = {isa = PBXFileReference; fileEncoding = 4; lastKnownFileType = sourcecode.c.h; path = ofxCvMain.h; sourceTree = "<group>"; };
		BBB11C8617EA312F002AAAD8 /* ofxCvShortImage.cpp */ = {isa = PBXFileReference; fileEncoding = 4; lastKnownFileType = sourcecode.cpp.cpp; path = ofxCvShortImage.cpp; sourceTree = "<group>"; };
		BBB11C8717EA312F002AAAD8 /* ofxCvShortImage.h */ = {isa = PBXFileReference; fileEncoding = 4; lastKnownFileType = sourcecode.c.h; path = ofxCvShortImage.h; sourceTree = "<group>"; };
		BBB11C8817EA312F002AAAD8 /* ofxOpenCv.h */ = {isa = PBXFileReference; fileEncoding = 4; lastKnownFileType = sourcecode.c.h; path = ofxOpenCv.h; sourceTree = "<group>"; };
		BC8881B3C8C0A1C45F042E7A /* OscPrintReceivedElements.cpp */ = {isa = PBXFileReference; explicitFileType = sourcecode.cpp.cpp; fileEncoding = 30; name = OscPrintReceivedElements.cpp; path = ../../../addons/ofxOsc/libs/oscpack/src/osc/OscPrintReceivedElements.cpp; sourceTree = SOURCE_ROOT; };
		C2FAC65C491D4231379F3298 /* ofxOscReceiver.cpp */ = {isa = PBXFileReference; explicitFileType = sourcecode.cpp.cpp; fileEncoding = 30; name = ofxOscReceiver.cpp; path = ../../../addons/ofxOsc/src/ofxOscReceiver.cpp; sourceTree = SOURCE_ROOT; };
		C58862C6D212C8E8A83810F4 /* ofxOscMessage.h */ = {isa = PBXFileReference; explicitFileType = sourcecode.c.h; fileEncoding = 30; name = ofxOscMessage.h; path = ../../../addons/ofxOsc/src/ofxOscMessage.h; sourceTree = SOURCE_ROOT; };
		C6937888E126BADC8777423B /* OscTypes.h */ = {isa = PBXFileReference; explicitFileType = sourcecode.c.h; fileEncoding = 30; name = OscTypes.h; path = ../../../addons/ofxOsc/libs/oscpack/src/osc/OscTypes.h; sourceTree = SOURCE_ROOT; };
		D9BFFBBF4CC43DEE890B3C3E /* OscTypes.cpp */ = {isa = PBXFileReference; explicitFileType = sourcecode.cpp.cpp; fileEncoding = 30; name = OscTypes.cpp; path = ../../../addons/ofxOsc/libs/oscpack/src/osc/OscTypes.cpp; sourceTree = SOURCE_ROOT; };
		DF49D76C45D5DB505A234880 /* ofxOscMessage.cpp */ = {isa = PBXFileReference; explicitFileType = sourcecode.cpp.cpp; fileEncoding = 30; name = ofxOscMessage.cpp; path = ../../../addons/ofxOsc/src/ofxOscMessage.cpp; sourceTree = SOURCE_ROOT; };
		E4328143138ABC890047C5CB /* openFrameworksLib.xcodeproj */ = {isa = PBXFileReference; lastKnownFileType = "wrapper.pb-project"; name = openFrameworksLib.xcodeproj; path = ../../../libs/openFrameworksCompiled/project/osx/openFrameworksLib.xcodeproj; sourceTree = SOURCE_ROOT; };
		E45BE9710E8CC7DD009D7055 /* AGL.framework */ = {isa = PBXFileReference; lastKnownFileType = wrapper.framework; name = AGL.framework; path = /System/Library/Frameworks/AGL.framework; sourceTree = "<absolute>"; };
		E45BE9720E8CC7DD009D7055 /* ApplicationServices.framework */ = {isa = PBXFileReference; lastKnownFileType = wrapper.framework; name = ApplicationServices.framework; path = /System/Library/Frameworks/ApplicationServices.framework; sourceTree = "<absolute>"; };
		E45BE9730E8CC7DD009D7055 /* AudioToolbox.framework */ = {isa = PBXFileReference; lastKnownFileType = wrapper.framework; name = AudioToolbox.framework; path = /System/Library/Frameworks/AudioToolbox.framework; sourceTree = "<absolute>"; };
		E45BE9740E8CC7DD009D7055 /* Carbon.framework */ = {isa = PBXFileReference; lastKnownFileType = wrapper.framework; name = Carbon.framework; path = /System/Library/Frameworks/Carbon.framework; sourceTree = "<absolute>"; };
		E45BE9750E8CC7DD009D7055 /* CoreAudio.framework */ = {isa = PBXFileReference; lastKnownFileType = wrapper.framework; name = CoreAudio.framework; path = /System/Library/Frameworks/CoreAudio.framework; sourceTree = "<absolute>"; };
		E45BE9760E8CC7DD009D7055 /* CoreFoundation.framework */ = {isa = PBXFileReference; lastKnownFileType = wrapper.framework; name = CoreFoundation.framework; path = /System/Library/Frameworks/CoreFoundation.framework; sourceTree = "<absolute>"; };
		E45BE9770E8CC7DD009D7055 /* CoreServices.framework */ = {isa = PBXFileReference; lastKnownFileType = wrapper.framework; name = CoreServices.framework; path = /System/Library/Frameworks/CoreServices.framework; sourceTree = "<absolute>"; };
		E45BE9790E8CC7DD009D7055 /* OpenGL.framework */ = {isa = PBXFileReference; lastKnownFileType = wrapper.framework; name = OpenGL.framework; path = /System/Library/Frameworks/OpenGL.framework; sourceTree = "<absolute>"; };
		E45BE97A0E8CC7DD009D7055 /* QuickTime.framework */ = {isa = PBXFileReference; lastKnownFileType = wrapper.framework; name = QuickTime.framework; path = /System/Library/Frameworks/QuickTime.framework; sourceTree = "<absolute>"; };
		E4B69B5B0A3A1756003C02F2 /* remoteUI_SketchDebug.app */ = {isa = PBXFileReference; explicitFileType = wrapper.application; includeInIndex = 0; path = remoteUI_SketchDebug.app; sourceTree = BUILT_PRODUCTS_DIR; };
		E4B69E1D0A3A1BDC003C02F2 /* main.cpp */ = {isa = PBXFileReference; fileEncoding = 30; lastKnownFileType = sourcecode.cpp.cpp; name = main.cpp; path = src/main.cpp; sourceTree = SOURCE_ROOT; };
		E4B69E1E0A3A1BDC003C02F2 /* testApp.mm */ = {isa = PBXFileReference; explicitFileType = sourcecode.cpp.cpp; fileEncoding = 30; name = testApp.mm; path = src/testApp.mm; sourceTree = SOURCE_ROOT; };
		E4B69E1F0A3A1BDC003C02F2 /* testApp.h */ = {isa = PBXFileReference; fileEncoding = 30; lastKnownFileType = sourcecode.c.h; name = testApp.h; path = src/testApp.h; sourceTree = SOURCE_ROOT; };
		E4B6FCAD0C3E899E008CF71C /* openFrameworks-Info.plist */ = {isa = PBXFileReference; fileEncoding = 30; lastKnownFileType = text.plist.xml; path = "openFrameworks-Info.plist"; sourceTree = "<group>"; };
		E4C2424410CC5A17004149E2 /* AppKit.framework */ = {isa = PBXFileReference; lastKnownFileType = wrapper.framework; name = AppKit.framework; path = /System/Library/Frameworks/AppKit.framework; sourceTree = "<absolute>"; };
		E4C2424510CC5A17004149E2 /* Cocoa.framework */ = {isa = PBXFileReference; lastKnownFileType = wrapper.framework; name = Cocoa.framework; path = /System/Library/Frameworks/Cocoa.framework; sourceTree = "<absolute>"; };
		E4C2424610CC5A17004149E2 /* IOKit.framework */ = {isa = PBXFileReference; lastKnownFileType = wrapper.framework; name = IOKit.framework; path = /System/Library/Frameworks/IOKit.framework; sourceTree = "<absolute>"; };
		E4EB691F138AFCF100A09F29 /* CoreOF.xcconfig */ = {isa = PBXFileReference; fileEncoding = 4; lastKnownFileType = text.xcconfig; name = CoreOF.xcconfig; path = ../../../libs/openFrameworksCompiled/project/osx/CoreOF.xcconfig; sourceTree = SOURCE_ROOT; };
		E4EB6923138AFD0F00A09F29 /* Project.xcconfig */ = {isa = PBXFileReference; fileEncoding = 4; lastKnownFileType = text.xcconfig; path = Project.xcconfig; sourceTree = "<group>"; };
		E6DEF695B88BA5FAACEAA937 /* UdpSocket.cpp */ = {isa = PBXFileReference; explicitFileType = sourcecode.cpp.cpp; fileEncoding = 30; name = UdpSocket.cpp; path = ../../../addons/ofxOsc/libs/oscpack/src/ip/posix/UdpSocket.cpp; sourceTree = SOURCE_ROOT; };
		E7E077E415D3B63C0020DFD4 /* CoreVideo.framework */ = {isa = PBXFileReference; lastKnownFileType = wrapper.framework; name = CoreVideo.framework; path = /System/Library/Frameworks/CoreVideo.framework; sourceTree = "<absolute>"; };
		E7E077E715D3B6510020DFD4 /* QTKit.framework */ = {isa = PBXFileReference; lastKnownFileType = wrapper.framework; name = QTKit.framework; path = /System/Library/Frameworks/QTKit.framework; sourceTree = "<absolute>"; };
		E7F985F515E0DE99003869B5 /* Accelerate.framework */ = {isa = PBXFileReference; lastKnownFileType = wrapper.framework; name = Accelerate.framework; path = /System/Library/Frameworks/Accelerate.framework; sourceTree = "<absolute>"; };
		F4F5B6B8BA2BD52C646ED908 /* OscException.h */ = {isa = PBXFileReference; explicitFileType = sourcecode.c.h; fileEncoding = 30; name = OscException.h; path = ../../../addons/ofxOsc/libs/oscpack/src/osc/OscException.h; sourceTree = SOURCE_ROOT; };
		F7FBC56859535E597B24BB91 /* NetworkingUtils.h */ = {isa = PBXFileReference; explicitFileType = sourcecode.c.h; fileEncoding = 30; name = NetworkingUtils.h; path = ../../../addons/ofxOsc/libs/oscpack/src/ip/NetworkingUtils.h; sourceTree = SOURCE_ROOT; };
		FC5DA1C87211D4F6377DA719 /* tinyxmlparser.cpp */ = {isa = PBXFileReference; explicitFileType = sourcecode.cpp.cpp; fileEncoding = 30; name = tinyxmlparser.cpp; path = ../../../addons/ofxXmlSettings/libs/tinyxmlparser.cpp; sourceTree = SOURCE_ROOT; };
/* End PBXFileReference section */

/* Begin PBXFrameworksBuildPhase section */
		E4B69B590A3A1756003C02F2 /* Frameworks */ = {
			isa = PBXFrameworksBuildPhase;
			buildActionMask = 2147483647;
			files = (
				E7F985F815E0DEA3003869B5 /* Accelerate.framework in Frameworks */,
				E7E077E815D3B6510020DFD4 /* QTKit.framework in Frameworks */,
				E4EB6799138ADC1D00A09F29 /* GLUT.framework in Frameworks */,
				E4328149138ABC9F0047C5CB /* openFrameworksDebug.a in Frameworks */,
				E45BE97B0E8CC7DD009D7055 /* AGL.framework in Frameworks */,
				E45BE97C0E8CC7DD009D7055 /* ApplicationServices.framework in Frameworks */,
				E45BE97D0E8CC7DD009D7055 /* AudioToolbox.framework in Frameworks */,
				E45BE97E0E8CC7DD009D7055 /* Carbon.framework in Frameworks */,
				E45BE97F0E8CC7DD009D7055 /* CoreAudio.framework in Frameworks */,
				E45BE9800E8CC7DD009D7055 /* CoreFoundation.framework in Frameworks */,
				E45BE9810E8CC7DD009D7055 /* CoreServices.framework in Frameworks */,
				E45BE9830E8CC7DD009D7055 /* OpenGL.framework in Frameworks */,
				E45BE9840E8CC7DD009D7055 /* QuickTime.framework in Frameworks */,
				E4C2424710CC5A17004149E2 /* AppKit.framework in Frameworks */,
				E4C2424810CC5A17004149E2 /* Cocoa.framework in Frameworks */,
				E4C2424910CC5A17004149E2 /* IOKit.framework in Frameworks */,
				E7E077E515D3B63C0020DFD4 /* CoreVideo.framework in Frameworks */,
				BBB11B4517EA21FF002AAAD8 /* DPP.framework in Frameworks */,
				BBB11B4617EA21FF002AAAD8 /* EDSDK.framework in Frameworks */,
			);
			runOnlyForDeploymentPostprocessing = 0;
		};
/* End PBXFrameworksBuildPhase section */

/* Begin PBXGroup section */
		1F4FB5C423662B96ADFDCC0B /* ofxXmlSettings */ = {
			isa = PBXGroup;
			children = (
				6ECEF0D76BC33727823EADFF /* src */,
				6E54289412D2D94F45A05113 /* libs */,
			);
			name = ofxXmlSettings;
			sourceTree = "<group>";
		};
		30CB364908817057B430D528 /* osc */ = {
			isa = PBXGroup;
			children = (
				AE335EB4709BFD4671EEAC84 /* MessageMappingOscPacketListener.h */,
				F4F5B6B8BA2BD52C646ED908 /* OscException.h */,
				A2AAA8CA403479E6FCDF920E /* OscHostEndianness.h */,
				63A47AC60FFAFC3BF093EC0F /* OscOutboundPacketStream.cpp */,
				029684CF678F70F6D3537A29 /* OscOutboundPacketStream.h */,
				6B65E6930994CC4B2D2B8B33 /* OscPacketListener.h */,
				BC8881B3C8C0A1C45F042E7A /* OscPrintReceivedElements.cpp */,
				4E95FB446A9C9C6F0DE12D75 /* OscPrintReceivedElements.h */,
				9BF3AA0D4FAA89D0F8A0E545 /* OscReceivedElements.cpp */,
				20F35AFADAF0068B067E713F /* OscReceivedElements.h */,
				D9BFFBBF4CC43DEE890B3C3E /* OscTypes.cpp */,
				C6937888E126BADC8777423B /* OscTypes.h */,
			);
			name = osc;
			sourceTree = "<group>";
		};
		38871A5825686AE018EC2BF0 /* libs */ = {
			isa = PBXGroup;
			children = (
				86D2677079A3AF4A5A88E29A /* oscpack */,
			);
			name = libs;
			sourceTree = "<group>";
		};
		641362CA659FAFEE4E81001B /* posix */ = {
			isa = PBXGroup;
			children = (
				3B361208CD4107E479F04E7B /* NetworkingUtils.cpp */,
				E6DEF695B88BA5FAACEAA937 /* UdpSocket.cpp */,
			);
			name = posix;
			sourceTree = "<group>";
		};
		6E54289412D2D94F45A05113 /* libs */ = {
			isa = PBXGroup;
			children = (
				2B40EDA85BEB63E46785BC29 /* tinyxml.cpp */,
				B21E7E5F548EEA92F368040B /* tinyxml.h */,
				832BDC407620CDBA568B713D /* tinyxmlerror.cpp */,
				FC5DA1C87211D4F6377DA719 /* tinyxmlparser.cpp */,
			);
			name = libs;
			sourceTree = "<group>";
		};
		6ECEF0D76BC33727823EADFF /* src */ = {
			isa = PBXGroup;
			children = (
				50DF87D612C5AAE17AAFA6C0 /* ofxXmlSettings.cpp */,
				01DCC0911400F9ACF5B65578 /* ofxXmlSettings.h */,
			);
			name = src;
			sourceTree = "<group>";
		};
		86D2677079A3AF4A5A88E29A /* oscpack */ = {
			isa = PBXGroup;
			children = (
				D27B2221A225CA523C019676 /* src */,
			);
			name = oscpack;
			sourceTree = "<group>";
		};
		98D685E6144A167898628CFF /* ofxTimeMeasurements */ = {
			isa = PBXGroup;
			children = (
				EFCD60E2ACA4B88D4D54E3F0 /* src */,
			);
			name = ofxTimeMeasurements;
			sourceTree = "<group>";
		};
		BA6760AC87647DD61A92BD41 /* win32 */ = {
			isa = PBXGroup;
			children = (
				2A5B1FAD3F30C8065C396ACB /* NetworkingUtilsWin.cpp */,
				5928AA323F5C2690B06C837D /* UdpSocketWin.cpp */,
			);
			name = win32;
			sourceTree = "<group>";
		};
		BB4B014C10F69532006C3DED /* addons */ = {
			isa = PBXGroup;
			children = (
				BBB05996189C7CFC006E8222 /* ofxAnimatable */,
				BBB117B9189C5C5E006A2156 /* ofxGreenscreen */,
				BBB11C0D17EA312F002AAAD8 /* ofxOpenCv */,
				BBB11B9517EA30F1002AAAD8 /* ofxKinect */,
				E6053AB7FEC63D5F83825B88 /* ofxOsc */,
				1F4FB5C423662B96ADFDCC0B /* ofxXmlSettings */,
				CB07EE236967BDF0BD0CF659 /* ofxRemoteUI */,
				98D685E6144A167898628CFF /* ofxTimeMeasurements */,
			);
			name = addons;
			sourceTree = "<group>";
		};
		BBAB23C913894ECA00AA2426 /* system frameworks */ = {
			isa = PBXGroup;
			children = (
				E7F985F515E0DE99003869B5 /* Accelerate.framework */,
				E4C2424410CC5A17004149E2 /* AppKit.framework */,
				E4C2424510CC5A17004149E2 /* Cocoa.framework */,
				E4C2424610CC5A17004149E2 /* IOKit.framework */,
				E45BE9710E8CC7DD009D7055 /* AGL.framework */,
				E45BE9720E8CC7DD009D7055 /* ApplicationServices.framework */,
				E45BE9730E8CC7DD009D7055 /* AudioToolbox.framework */,
				E45BE9740E8CC7DD009D7055 /* Carbon.framework */,
				E45BE9750E8CC7DD009D7055 /* CoreAudio.framework */,
				E45BE9760E8CC7DD009D7055 /* CoreFoundation.framework */,
				E45BE9770E8CC7DD009D7055 /* CoreServices.framework */,
				E45BE9790E8CC7DD009D7055 /* OpenGL.framework */,
				E45BE97A0E8CC7DD009D7055 /* QuickTime.framework */,
				E7E077E415D3B63C0020DFD4 /* CoreVideo.framework */,
				E7E077E715D3B6510020DFD4 /* QTKit.framework */,
			);
			name = "system frameworks";
			sourceTree = "<group>";
		};
		BBAB23CA13894EDB00AA2426 /* 3rd party frameworks */ = {
			isa = PBXGroup;
			children = (
				BBAB23BE13894E4700AA2426 /* GLUT.framework */,
			);
			name = "3rd party frameworks";
			sourceTree = "<group>";
		};
		BBB05996189C7CFC006E8222 /* ofxAnimatable */ = {
			isa = PBXGroup;
			children = (
				BBB05997189C7CFC006E8222 /* src */,
			);
			name = ofxAnimatable;
			sourceTree = "<group>";
		};
		BBB05997189C7CFC006E8222 /* src */ = {
			isa = PBXGroup;
			children = (
				BBB05998189C7CFC006E8222 /* ofxAnimatable.cpp */,
				BBB05999189C7CFC006E8222 /* ofxAnimatable.h */,
				BBB0599A189C7CFC006E8222 /* ofxAnimatableFloat.cpp */,
				BBB0599B189C7CFC006E8222 /* ofxAnimatableFloat.h */,
				BBB0599C189C7CFC006E8222 /* ofxAnimatableOfColor.cpp */,
				BBB0599D189C7CFC006E8222 /* ofxAnimatableOfColor.h */,
				BBB0599E189C7CFC006E8222 /* ofxAnimatableOfPoint.cpp */,
				BBB0599F189C7CFC006E8222 /* ofxAnimatableOfPoint.h */,
			);
			name = src;
			path = ../../../addons/ofxAnimatable/src;
			sourceTree = "<group>";
		};
		BBB117B9189C5C5E006A2156 /* ofxGreenscreen */ = {
			isa = PBXGroup;
			children = (
				BBB117C8189C5C5E006A2156 /* src */,
			);
			name = ofxGreenscreen;
			path = ../../../addons/ofxGreenscreen;
			sourceTree = "<group>";
		};
		BBB117C8189C5C5E006A2156 /* src */ = {
			isa = PBXGroup;
			children = (
				BBB117C9189C5C5E006A2156 /* ofxGreenscreen.cpp */,
				BBB117CA189C5C5E006A2156 /* ofxGreenscreen.h */,
			);
			path = src;
			sourceTree = "<group>";
		};
		BBB11AAE17EA21FF002AAAD8 /* EDSDK */ = {
			isa = PBXGroup;
			children = (
				BBB11AAF17EA21FF002AAAD8 /* Framework */,
				BBB11AB217EA21FF002AAAD8 /* Header */,
			);
			name = EDSDK;
			path = EDSDK2600CD/EDSDK;
			sourceTree = "<group>";
		};
		BBB11AAF17EA21FF002AAAD8 /* Framework */ = {
			isa = PBXGroup;
			children = (
				BBB11AB017EA21FF002AAAD8 /* DPP.framework */,
				BBB11AB117EA21FF002AAAD8 /* EDSDK.framework */,
			);
			path = Framework;
			sourceTree = "<group>";
		};
		BBB11AB217EA21FF002AAAD8 /* Header */ = {
			isa = PBXGroup;
			children = (
				BBB11AB317EA21FF002AAAD8 /* EDSDK.h */,
				BBB11AB417EA21FF002AAAD8 /* EDSDKErrors.h */,
				BBB11AB517EA21FF002AAAD8 /* EDSDKTypes.h */,
			);
			path = Header;
			sourceTree = "<group>";
		};
		BBB11B8717EA2251002AAAD8 /* canon */ = {
			isa = PBXGroup;
			children = (
				BBB11B8B17EA2286002AAAD8 /* ThreadedFocus.mm */,
				BBB11B8C17EA2286002AAAD8 /* ThreadedFocus.h */,
				BBB11B8D17EA2286002AAAD8 /* ThreadedLiveView.mm */,
				BBB11B8E17EA2286002AAAD8 /* ThreadedLiveView.h */,
				BBB11B8817EA226C002AAAD8 /* CanonCameraWrapper.mm */,
				BBB11B8917EA226C002AAAD8 /* CanonCameraWrapper.h */,
				BBB11B8617EA2243002AAAD8 /* CanonConstants.h */,
				BBB11B8317EA223F002AAAD8 /* ThreadedTakePicture.mm */,
				BBB11B8417EA223F002AAAD8 /* ThreadedTakePicture.h */,
			);
			name = canon;
			sourceTree = "<group>";
		};
		BBB11B9517EA30F1002AAAD8 /* ofxKinect */ = {
			isa = PBXGroup;
			children = (
				BBB11C0017EA30F1002AAAD8 /* src */,
				BBB11B9717EA30F1002AAAD8 /* libs */,
			);
			name = ofxKinect;
			path = ../../../addons/ofxKinect;
			sourceTree = "<group>";
		};
		BBB11B9717EA30F1002AAAD8 /* libs */ = {
			isa = PBXGroup;
			children = (
				BBB11B9817EA30F1002AAAD8 /* libfreenect */,
				BBB11BED17EA30F1002AAAD8 /* libusb-1.0 */,
			);
			path = libs;
			sourceTree = "<group>";
		};
		BBB11B9817EA30F1002AAAD8 /* libfreenect */ = {
			isa = PBXGroup;
			children = (
				BBB11B9C17EA30F1002AAAD8 /* include */,
				BBB11BE217EA30F1002AAAD8 /* src */,
			);
			path = libfreenect;
			sourceTree = "<group>";
		};
		BBB11B9C17EA30F1002AAAD8 /* include */ = {
			isa = PBXGroup;
			children = (
				BBB11B9D17EA30F1002AAAD8 /* libfreenect-registration.h */,
				BBB11B9E17EA30F1002AAAD8 /* libfreenect.h */,
			);
			path = include;
			sourceTree = "<group>";
		};
		BBB11BE217EA30F1002AAAD8 /* src */ = {
			isa = PBXGroup;
			children = (
				BBB11BE317EA30F1002AAAD8 /* cameras.c */,
				BBB11BE417EA30F1002AAAD8 /* cameras.h */,
				BBB11BE517EA30F1002AAAD8 /* core.c */,
				BBB11BE617EA30F1002AAAD8 /* freenect_internal.h */,
				BBB11BE717EA30F1002AAAD8 /* loader.h */,
				BBB11BE817EA30F1002AAAD8 /* registration.c */,
				BBB11BE917EA30F1002AAAD8 /* registration.h */,
				BBB11BEA17EA30F1002AAAD8 /* tilt.c */,
				BBB11BEB17EA30F1002AAAD8 /* usb_libusb10.c */,
				BBB11BEC17EA30F1002AAAD8 /* usb_libusb10.h */,
			);
			path = src;
			sourceTree = "<group>";
		};
		BBB11BED17EA30F1002AAAD8 /* libusb-1.0 */ = {
			isa = PBXGroup;
			children = (
				BBB11BEE17EA30F1002AAAD8 /* include */,
			);
			path = "libusb-1.0";
			sourceTree = "<group>";
		};
		BBB11BEE17EA30F1002AAAD8 /* include */ = {
			isa = PBXGroup;
			children = (
				BBB11BEF17EA30F1002AAAD8 /* libusb-1.0 */,
			);
			path = include;
			sourceTree = "<group>";
		};
		BBB11BEF17EA30F1002AAAD8 /* libusb-1.0 */ = {
			isa = PBXGroup;
			children = (
				BBB11BF017EA30F1002AAAD8 /* libusb.h */,
			);
			path = "libusb-1.0";
			sourceTree = "<group>";
		};
		BBB11C0017EA30F1002AAAD8 /* src */ = {
			isa = PBXGroup;
			children = (
				BBB11C0117EA30F1002AAAD8 /* ofxBase3DVideo.h */,
				BBB11C0217EA30F1002AAAD8 /* ofxKinect.cpp */,
				BBB11C0317EA30F1002AAAD8 /* ofxKinect.h */,
			);
			path = src;
			sourceTree = "<group>";
		};
		BBB11C0D17EA312F002AAAD8 /* ofxOpenCv */ = {
			isa = PBXGroup;
			children = (
				BBB11C0E17EA312F002AAAD8 /* addon_config.mk */,
				BBB11C0F17EA312F002AAAD8 /* libs */,
				BBB11C7617EA312F002AAAD8 /* src */,
			);
			name = ofxOpenCv;
			path = ../../../addons/ofxOpenCv;
			sourceTree = "<group>";
		};
		BBB11C0F17EA312F002AAAD8 /* libs */ = {
			isa = PBXGroup;
			children = (
				BBB11C1017EA312F002AAAD8 /* opencv */,
			);
			path = libs;
			sourceTree = "<group>";
		};
		BBB11C1017EA312F002AAAD8 /* opencv */ = {
			isa = PBXGroup;
			children = (
				BBB11C1117EA312F002AAAD8 /* include */,
				BBB11C7317EA312F002AAAD8 /* lib */,
			);
			path = opencv;
			sourceTree = "<group>";
		};
		BBB11C1117EA312F002AAAD8 /* include */ = {
			isa = PBXGroup;
			children = (
				BBB11C1217EA312F002AAAD8 /* opencv */,
				BBB11C1E17EA312F002AAAD8 /* opencv2 */,
			);
			path = include;
			sourceTree = "<group>";
		};
		BBB11C1217EA312F002AAAD8 /* opencv */ = {
			isa = PBXGroup;
			children = (
				BBB11C1317EA312F002AAAD8 /* cv.h */,
				BBB11C1417EA312F002AAAD8 /* cv.hpp */,
				BBB11C1517EA312F002AAAD8 /* cvaux.h */,
				BBB11C1617EA312F002AAAD8 /* cvaux.hpp */,
				BBB11C1717EA312F002AAAD8 /* cvwimage.h */,
				BBB11C1817EA312F002AAAD8 /* cxcore.h */,
				BBB11C1917EA312F002AAAD8 /* cxcore.hpp */,
				BBB11C1A17EA312F002AAAD8 /* cxeigen.hpp */,
				BBB11C1B17EA312F002AAAD8 /* cxmisc.h */,
				BBB11C1C17EA312F002AAAD8 /* highgui.h */,
				BBB11C1D17EA312F002AAAD8 /* ml.h */,
			);
			path = opencv;
			sourceTree = "<group>";
		};
		BBB11C1E17EA312F002AAAD8 /* opencv2 */ = {
			isa = PBXGroup;
			children = (
				BBB11C1F17EA312F002AAAD8 /* calib3d */,
				BBB11C2117EA312F002AAAD8 /* contrib */,
				BBB11C2417EA312F002AAAD8 /* core */,
				BBB11C2E17EA312F002AAAD8 /* features2d */,
				BBB11C3017EA312F002AAAD8 /* flann */,
				BBB11C5517EA312F002AAAD8 /* gpu */,
				BBB11C5B17EA312F002AAAD8 /* highgui */,
				BBB11C5E17EA312F002AAAD8 /* imgproc */,
				BBB11C6217EA312F002AAAD8 /* legacy */,
				BBB11C6717EA312F002AAAD8 /* ml */,
				BBB11C6917EA312F002AAAD8 /* objdetect */,
				BBB11C6B17EA312F002AAAD8 /* opencv.hpp */,
				BBB11C6C17EA312F002AAAD8 /* ts */,
				BBB11C6F17EA312F002AAAD8 /* video */,
			);
			path = opencv2;
			sourceTree = "<group>";
		};
		BBB11C1F17EA312F002AAAD8 /* calib3d */ = {
			isa = PBXGroup;
			children = (
				BBB11C2017EA312F002AAAD8 /* calib3d.hpp */,
			);
			path = calib3d;
			sourceTree = "<group>";
		};
		BBB11C2117EA312F002AAAD8 /* contrib */ = {
			isa = PBXGroup;
			children = (
				BBB11C2217EA312F002AAAD8 /* contrib.hpp */,
				BBB11C2317EA312F002AAAD8 /* retina.hpp */,
			);
			path = contrib;
			sourceTree = "<group>";
		};
		BBB11C2417EA312F002AAAD8 /* core */ = {
			isa = PBXGroup;
			children = (
				BBB11C2517EA312F002AAAD8 /* core.hpp */,
				BBB11C2617EA312F002AAAD8 /* core_c.h */,
				BBB11C2717EA312F002AAAD8 /* eigen.hpp */,
				BBB11C2817EA312F002AAAD8 /* internal.hpp */,
				BBB11C2917EA312F002AAAD8 /* mat.hpp */,
				BBB11C2A17EA312F002AAAD8 /* operations.hpp */,
				BBB11C2B17EA312F002AAAD8 /* types_c.h */,
				BBB11C2C17EA312F002AAAD8 /* version.hpp */,
				BBB11C2D17EA312F002AAAD8 /* wimage.hpp */,
			);
			path = core;
			sourceTree = "<group>";
		};
		BBB11C2E17EA312F002AAAD8 /* features2d */ = {
			isa = PBXGroup;
			children = (
				BBB11C2F17EA312F002AAAD8 /* features2d.hpp */,
			);
			path = features2d;
			sourceTree = "<group>";
		};
		BBB11C3017EA312F002AAAD8 /* flann */ = {
			isa = PBXGroup;
			children = (
				BBB11C3117EA312F002AAAD8 /* all_indices.h */,
				BBB11C3217EA312F002AAAD8 /* allocator.h */,
				BBB11C3317EA312F002AAAD8 /* any.h */,
				BBB11C3417EA312F002AAAD8 /* autotuned_index.h */,
				BBB11C3517EA312F002AAAD8 /* composite_index.h */,
				BBB11C3617EA312F002AAAD8 /* config.h */,
				BBB11C3717EA312F002AAAD8 /* defines.h */,
				BBB11C3817EA312F002AAAD8 /* dist.h */,
				BBB11C3917EA312F002AAAD8 /* dummy.h */,
				BBB11C3A17EA312F002AAAD8 /* dynamic_bitset.h */,
				BBB11C3B17EA312F002AAAD8 /* flann.hpp */,
				BBB11C3C17EA312F002AAAD8 /* flann_base.hpp */,
				BBB11C3D17EA312F002AAAD8 /* general.h */,
				BBB11C3E17EA312F002AAAD8 /* ground_truth.h */,
				BBB11C3F17EA312F002AAAD8 /* hdf5.h */,
				BBB11C4017EA312F002AAAD8 /* heap.h */,
				BBB11C4117EA312F002AAAD8 /* hierarchical_clustering_index.h */,
				BBB11C4217EA312F002AAAD8 /* index_testing.h */,
				BBB11C4317EA312F002AAAD8 /* kdtree_index.h */,
				BBB11C4417EA312F002AAAD8 /* kdtree_single_index.h */,
				BBB11C4517EA312F002AAAD8 /* kmeans_index.h */,
				BBB11C4617EA312F002AAAD8 /* linear_index.h */,
				BBB11C4717EA312F002AAAD8 /* logger.h */,
				BBB11C4817EA312F002AAAD8 /* lsh_index.h */,
				BBB11C4917EA312F002AAAD8 /* lsh_table.h */,
				BBB11C4A17EA312F002AAAD8 /* matrix.h */,
				BBB11C4B17EA312F002AAAD8 /* miniflann.hpp */,
				BBB11C4C17EA312F002AAAD8 /* nn_index.h */,
				BBB11C4D17EA312F002AAAD8 /* object_factory.h */,
				BBB11C4E17EA312F002AAAD8 /* params.h */,
				BBB11C4F17EA312F002AAAD8 /* random.h */,
				BBB11C5017EA312F002AAAD8 /* result_set.h */,
				BBB11C5117EA312F002AAAD8 /* sampling.h */,
				BBB11C5217EA312F002AAAD8 /* saving.h */,
				BBB11C5317EA312F002AAAD8 /* simplex_downhill.h */,
				BBB11C5417EA312F002AAAD8 /* timer.h */,
			);
			path = flann;
			sourceTree = "<group>";
		};
		BBB11C5517EA312F002AAAD8 /* gpu */ = {
			isa = PBXGroup;
			children = (
				BBB11C5617EA312F002AAAD8 /* devmem2d.hpp */,
				BBB11C5717EA312F002AAAD8 /* gpu.hpp */,
				BBB11C5817EA312F002AAAD8 /* gpumat.hpp */,
				BBB11C5917EA312F002AAAD8 /* matrix_operations.hpp */,
				BBB11C5A17EA312F002AAAD8 /* stream_accessor.hpp */,
			);
			path = gpu;
			sourceTree = "<group>";
		};
		BBB11C5B17EA312F002AAAD8 /* highgui */ = {
			isa = PBXGroup;
			children = (
				BBB11C5C17EA312F002AAAD8 /* highgui.hpp */,
				BBB11C5D17EA312F002AAAD8 /* highgui_c.h */,
			);
			path = highgui;
			sourceTree = "<group>";
		};
		BBB11C5E17EA312F002AAAD8 /* imgproc */ = {
			isa = PBXGroup;
			children = (
				BBB11C5F17EA312F002AAAD8 /* imgproc.hpp */,
				BBB11C6017EA312F002AAAD8 /* imgproc_c.h */,
				BBB11C6117EA312F002AAAD8 /* types_c.h */,
			);
			path = imgproc;
			sourceTree = "<group>";
		};
		BBB11C6217EA312F002AAAD8 /* legacy */ = {
			isa = PBXGroup;
			children = (
				BBB11C6317EA312F002AAAD8 /* blobtrack.hpp */,
				BBB11C6417EA312F002AAAD8 /* compat.hpp */,
				BBB11C6517EA312F002AAAD8 /* legacy.hpp */,
				BBB11C6617EA312F002AAAD8 /* streams.hpp */,
			);
			path = legacy;
			sourceTree = "<group>";
		};
		BBB11C6717EA312F002AAAD8 /* ml */ = {
			isa = PBXGroup;
			children = (
				BBB11C6817EA312F002AAAD8 /* ml.hpp */,
			);
			path = ml;
			sourceTree = "<group>";
		};
		BBB11C6917EA312F002AAAD8 /* objdetect */ = {
			isa = PBXGroup;
			children = (
				BBB11C6A17EA312F002AAAD8 /* objdetect.hpp */,
			);
			path = objdetect;
			sourceTree = "<group>";
		};
		BBB11C6C17EA312F002AAAD8 /* ts */ = {
			isa = PBXGroup;
			children = (
				BBB11C6D17EA312F002AAAD8 /* ts.hpp */,
				BBB11C6E17EA312F002AAAD8 /* ts_gtest.h */,
			);
			path = ts;
			sourceTree = "<group>";
		};
		BBB11C6F17EA312F002AAAD8 /* video */ = {
			isa = PBXGroup;
			children = (
				BBB11C7017EA312F002AAAD8 /* background_segm.hpp */,
				BBB11C7117EA312F002AAAD8 /* tracking.hpp */,
				BBB11C7217EA312F002AAAD8 /* video.hpp */,
			);
			path = video;
			sourceTree = "<group>";
		};
		BBB11C7317EA312F002AAAD8 /* lib */ = {
			isa = PBXGroup;
			children = (
				BBB11C7417EA312F002AAAD8 /* osx */,
			);
			path = lib;
			sourceTree = "<group>";
		};
		BBB11C7417EA312F002AAAD8 /* osx */ = {
			isa = PBXGroup;
			children = (
				BBB11C7517EA312F002AAAD8 /* opencv.a */,
			);
			path = osx;
			sourceTree = "<group>";
		};
		BBB11C7617EA312F002AAAD8 /* src */ = {
			isa = PBXGroup;
			children = (
				BBB11C7717EA312F002AAAD8 /* ofxCvBlob.h */,
				BBB11C7817EA312F002AAAD8 /* ofxCvColorImage.cpp */,
				BBB11C7917EA312F002AAAD8 /* ofxCvColorImage.h */,
				BBB11C7A17EA312F002AAAD8 /* ofxCvConstants.h */,
				BBB11C7B17EA312F002AAAD8 /* ofxCvContourFinder.cpp */,
				BBB11C7C17EA312F002AAAD8 /* ofxCvContourFinder.h */,
				BBB11C7D17EA312F002AAAD8 /* ofxCvFloatImage.cpp */,
				BBB11C7E17EA312F002AAAD8 /* ofxCvFloatImage.h */,
				BBB11C7F17EA312F002AAAD8 /* ofxCvGrayscaleImage.cpp */,
				BBB11C8017EA312F002AAAD8 /* ofxCvGrayscaleImage.h */,
				BBB11C8117EA312F002AAAD8 /* ofxCvHaarFinder.cpp */,
				BBB11C8217EA312F002AAAD8 /* ofxCvHaarFinder.h */,
				BBB11C8317EA312F002AAAD8 /* ofxCvImage.cpp */,
				BBB11C8417EA312F002AAAD8 /* ofxCvImage.h */,
				BBB11C8517EA312F002AAAD8 /* ofxCvMain.h */,
				BBB11C8617EA312F002AAAD8 /* ofxCvShortImage.cpp */,
				BBB11C8717EA312F002AAAD8 /* ofxCvShortImage.h */,
				BBB11C8817EA312F002AAAD8 /* ofxOpenCv.h */,
			);
			path = src;
			sourceTree = "<group>";
		};
		BD2F1A9F8D0C05EDB29122D0 /* src */ = {
			isa = PBXGroup;
			children = (
				00D6D32B84B099226431108C /* ofxOsc.h */,
				7689F8A0F3D0B7635A8C3104 /* ofxOscArg.h */,
				65EEFA3DA3526E9CDD9C21F9 /* ofxOscBundle.cpp */,
				8B30E93FD3D3475EED522A0E /* ofxOscBundle.h */,
				DF49D76C45D5DB505A234880 /* ofxOscMessage.cpp */,
				C58862C6D212C8E8A83810F4 /* ofxOscMessage.h */,
				0AED834CE4DEC5260AF302A2 /* ofxOscParameterSync.cpp */,
				B31C608870ECEB2490A93736 /* ofxOscParameterSync.h */,
				C2FAC65C491D4231379F3298 /* ofxOscReceiver.cpp */,
				8C75AFC8774A62495DD53464 /* ofxOscReceiver.h */,
				81967292BFC87A0144BD32C6 /* ofxOscSender.cpp */,
				9F7986DC4EB05E75FCE2C777 /* ofxOscSender.h */,
			);
			name = src;
			sourceTree = "<group>";
		};
		C7382B74DFB0DF25D83CABC6 /* src */ = {
			isa = PBXGroup;
			children = (
				0930B95B4ED769EA0391414F /* ofxRemoteUI.cpp */,
				9442DF247C3A2CF9E86A3964 /* ofxRemoteUI.h */,
				81511BCA9C8DB1C0C56E3464 /* ofxRemoteUIClient.cpp */,
				3F6D2109C7F1A742E6D44A06 /* ofxRemoteUIClient.h */,
				A7217AB196DA7AF4032570D9 /* ofxRemoteUIServer.cpp */,
				81ED11CEF69C144113DE8812 /* ofxRemoteUIServer.h */,
				A3B0F084AE59756CFF2E1323 /* RemoteParam.h */,
				517BF640D6313BB192F700DA /* uriencode.h */,
			);
			name = src;
			sourceTree = "<group>";
		};
		CB07EE236967BDF0BD0CF659 /* ofxRemoteUI */ = {
			isa = PBXGroup;
			children = (
				C7382B74DFB0DF25D83CABC6 /* src */,
			);
			name = ofxRemoteUI;
			sourceTree = "<group>";
		};
		D27B2221A225CA523C019676 /* src */ = {
			isa = PBXGroup;
			children = (
				FF8CDF57858E9B94E3237115 /* ip */,
				30CB364908817057B430D528 /* osc */,
			);
			name = src;
			sourceTree = "<group>";
		};
		E4328144138ABC890047C5CB /* Products */ = {
			isa = PBXGroup;
			children = (
				E4328148138ABC890047C5CB /* openFrameworksDebug.a */,
			);
			name = Products;
			sourceTree = "<group>";
		};
		E45BE5980E8CC70C009D7055 /* frameworks */ = {
			isa = PBXGroup;
			children = (
				BBAB23CA13894EDB00AA2426 /* 3rd party frameworks */,
				BBAB23C913894ECA00AA2426 /* system frameworks */,
			);
			name = frameworks;
			sourceTree = "<group>";
		};
		E4B69B4A0A3A1720003C02F2 = {
			isa = PBXGroup;
			children = (
				E4B6FCAD0C3E899E008CF71C /* openFrameworks-Info.plist */,
				E4EB6923138AFD0F00A09F29 /* Project.xcconfig */,
				E4B69E1C0A3A1BDC003C02F2 /* src */,
				E4EEC9E9138DF44700A80321 /* openFrameworks */,
				BB4B014C10F69532006C3DED /* addons */,
				E45BE5980E8CC70C009D7055 /* frameworks */,
				BBB11AAE17EA21FF002AAAD8 /* EDSDK */,
				E4B69B5B0A3A1756003C02F2 /* remoteUI_SketchDebug.app */,
			);
			sourceTree = "<group>";
		};
		E4B69E1C0A3A1BDC003C02F2 /* src */ = {
			isa = PBXGroup;
			children = (
				BBB117CF189C5C74006A2156 /* WhiteBgRemover.cpp */,
				BBB117D0189C5C74006A2156 /* WhiteBgRemover.h */,
				BBB11B8717EA2251002AAAD8 /* canon */,
				E4B69E1D0A3A1BDC003C02F2 /* main.cpp */,
				E4B69E1E0A3A1BDC003C02F2 /* testApp.mm */,
				E4B69E1F0A3A1BDC003C02F2 /* testApp.h */,
				BBB05992189C79A0006E8222 /* LivePreviewBg.cpp */,
				BBB05993189C79A0006E8222 /* LivePreviewBg.h */,
				BBB05995189C7CA4006E8222 /* ShowPhoto.h */,
			);
			path = src;
			sourceTree = SOURCE_ROOT;
		};
		E4EEC9E9138DF44700A80321 /* openFrameworks */ = {
			isa = PBXGroup;
			children = (
				E4EB691F138AFCF100A09F29 /* CoreOF.xcconfig */,
				E4328143138ABC890047C5CB /* openFrameworksLib.xcodeproj */,
			);
			name = openFrameworks;
			sourceTree = "<group>";
		};
		E6053AB7FEC63D5F83825B88 /* ofxOsc */ = {
			isa = PBXGroup;
			children = (
				BD2F1A9F8D0C05EDB29122D0 /* src */,
				38871A5825686AE018EC2BF0 /* libs */,
			);
			name = ofxOsc;
			sourceTree = "<group>";
		};
		EFCD60E2ACA4B88D4D54E3F0 /* src */ = {
			isa = PBXGroup;
			children = (
				113EC1656B3145FE1FA1B295 /* ofxTimeMeasurements.cpp */,
				83F10DECDFF16F9F1E67D731 /* ofxTimeMeasurements.h */,
			);
			name = src;
			sourceTree = "<group>";
		};
		FF8CDF57858E9B94E3237115 /* ip */ = {
			isa = PBXGroup;
			children = (
				ADD194746185E2DA11468377 /* IpEndpointName.cpp */,
				48974F980F51769171D0B2F5 /* IpEndpointName.h */,
				F7FBC56859535E597B24BB91 /* NetworkingUtils.h */,
				23640F57DF6C4BB6BFC5DA4C /* PacketListener.h */,
				641362CA659FAFEE4E81001B /* posix */,
				444657A12E59D0ED86981498 /* TimerListener.h */,
				2FD4B0329909D3527F003494 /* UdpSocket.h */,
				BA6760AC87647DD61A92BD41 /* win32 */,
			);
			name = ip;
			sourceTree = "<group>";
		};
/* End PBXGroup section */

/* Begin PBXNativeTarget section */
		E4B69B5A0A3A1756003C02F2 /* remoteUI_Sketch */ = {
			isa = PBXNativeTarget;
			buildConfigurationList = E4B69B5F0A3A1757003C02F2 /* Build configuration list for PBXNativeTarget "remoteUI_Sketch" */;
			buildPhases = (
				E4B69B580A3A1756003C02F2 /* Sources */,
				E4B69B590A3A1756003C02F2 /* Frameworks */,
				E4B6FFFD0C3F9AB9008CF71C /* ShellScript */,
				E4C2427710CC5ABF004149E2 /* CopyFiles */,
			);
			buildRules = (
			);
			dependencies = (
				E4EEB9AC138B136A00A80321 /* PBXTargetDependency */,
			);
			name = remoteUI_Sketch;
			productName = myOFApp;
			productReference = E4B69B5B0A3A1756003C02F2 /* remoteUI_SketchDebug.app */;
			productType = "com.apple.product-type.application";
		};
/* End PBXNativeTarget section */

/* Begin PBXProject section */
		E4B69B4C0A3A1720003C02F2 /* Project object */ = {
			isa = PBXProject;
			attributes = {
				LastUpgradeCheck = 0460;
			};
			buildConfigurationList = E4B69B4D0A3A1720003C02F2 /* Build configuration list for PBXProject "remoteUI_Sketch" */;
			compatibilityVersion = "Xcode 3.2";
			developmentRegion = English;
			hasScannedForEncodings = 0;
			knownRegions = (
				English,
				Japanese,
				French,
				German,
			);
			mainGroup = E4B69B4A0A3A1720003C02F2;
			productRefGroup = E4B69B4A0A3A1720003C02F2;
			projectDirPath = "";
			projectReferences = (
				{
					ProductGroup = E4328144138ABC890047C5CB /* Products */;
					ProjectRef = E4328143138ABC890047C5CB /* openFrameworksLib.xcodeproj */;
				},
			);
			projectRoot = "";
			targets = (
				E4B69B5A0A3A1756003C02F2 /* remoteUI_Sketch */,
			);
		};
/* End PBXProject section */

/* Begin PBXReferenceProxy section */
		E4328148138ABC890047C5CB /* openFrameworksDebug.a */ = {
			isa = PBXReferenceProxy;
			fileType = archive.ar;
			path = openFrameworksDebug.a;
			remoteRef = E4328147138ABC890047C5CB /* PBXContainerItemProxy */;
			sourceTree = BUILT_PRODUCTS_DIR;
		};
/* End PBXReferenceProxy section */

/* Begin PBXShellScriptBuildPhase section */
		E4B6FFFD0C3F9AB9008CF71C /* ShellScript */ = {
			isa = PBXShellScriptBuildPhase;
			buildActionMask = 2147483647;
			files = (
			);
			inputPaths = (
			);
			outputPaths = (
			);
			runOnlyForDeploymentPostprocessing = 0;
			shellPath = /bin/sh;
			shellScript = "cp -f ../../../libs/fmodex/lib/osx/libfmodex.dylib \"$TARGET_BUILD_DIR/$PRODUCT_NAME.app/Contents/MacOS/libfmodex.dylib\"; install_name_tool -change ./libfmodex.dylib @executable_path/libfmodex.dylib \"$TARGET_BUILD_DIR/$PRODUCT_NAME.app/Contents/MacOS/$PRODUCT_NAME\";\nmkdir -p \"$TARGET_BUILD_DIR/$PRODUCT_NAME.app/Contents/Resources/\"\ncp -f \"$ICON_FILE\" \"$TARGET_BUILD_DIR/$PRODUCT_NAME.app/Contents/Resources/\"\n";
		};
/* End PBXShellScriptBuildPhase section */

/* Begin PBXSourcesBuildPhase section */
		E4B69B580A3A1756003C02F2 /* Sources */ = {
			isa = PBXSourcesBuildPhase;
			buildActionMask = 2147483647;
			files = (
				E4B69E200A3A1BDC003C02F2 /* main.cpp in Sources */,
				BBB05994189C79A0006E8222 /* LivePreviewBg.cpp in Sources */,
				E4B69E210A3A1BDC003C02F2 /* testApp.mm in Sources */,
				BBB059A3189C7CFC006E8222 /* ofxAnimatableOfPoint.cpp in Sources */,
				BBB117D1189C5C74006A2156 /* WhiteBgRemover.cpp in Sources */,
				72A929D3561B8232A182ABFC /* ofxOscBundle.cpp in Sources */,
				5864AD82E20F15536D054EA3 /* ofxOscMessage.cpp in Sources */,
				4ADB88E2FB52E76A471065DE /* ofxOscParameterSync.cpp in Sources */,
				640279EE111671BD026CB013 /* ofxOscReceiver.cpp in Sources */,
				8F5205AEF8861EF234F0651A /* ofxOscSender.cpp in Sources */,
				ADE367465D2A8EBAD4C7A8D9 /* IpEndpointName.cpp in Sources */,
				67FE4C7B15C2F0478C8126C2 /* NetworkingUtils.cpp in Sources */,
				BBB059A0189C7CFC006E8222 /* ofxAnimatable.cpp in Sources */,
				510CAFE035E576A4E1502D52 /* UdpSocket.cpp in Sources */,
				A29D8C96AE042ECEAA1BD4F3 /* NetworkingUtilsWin.cpp in Sources */,
				28090DEB5109115003E8F1C5 /* UdpSocketWin.cpp in Sources */,
				62545D179C94265CA1389D4A /* OscOutboundPacketStream.cpp in Sources */,
				C4782ECC372420ACE0615B74 /* OscPrintReceivedElements.cpp in Sources */,
				0546D1A38E13BD319CC9755B /* OscReceivedElements.cpp in Sources */,
				879A251454401BC0B6E4F238 /* OscTypes.cpp in Sources */,
				63B57AC5BF4EF088491E0317 /* ofxXmlSettings.cpp in Sources */,
				933A2227713C720CEFF80FD9 /* tinyxml.cpp in Sources */,
				9D44DC88EF9E7991B4A09951 /* tinyxmlerror.cpp in Sources */,
				5A4349E9754D6FA14C0F2A3A /* tinyxmlparser.cpp in Sources */,
				CD2B7242E152B8EBF3E65F20 /* ofxRemoteUI.cpp in Sources */,
				2B5A4E805891FC6E6EBAC9F5 /* ofxRemoteUIClient.cpp in Sources */,
				AF677F0ABF3AA960413308F9 /* ofxRemoteUIServer.cpp in Sources */,
				567A8E85CAD379B59206852D /* ofxTimeMeasurements.cpp in Sources */,
				BBB11B8517EA223F002AAAD8 /* ThreadedTakePicture.mm in Sources */,
				BBB11B8A17EA226C002AAAD8 /* CanonCameraWrapper.mm in Sources */,
				BBB11B8F17EA2286002AAAD8 /* ThreadedFocus.mm in Sources */,
				BBB11B9017EA2286002AAAD8 /* ThreadedLiveView.mm in Sources */,
				BBB11C0617EA30F1002AAAD8 /* cameras.c in Sources */,
				BBB11C0717EA30F1002AAAD8 /* core.c in Sources */,
				BBB117CE189C5C5E006A2156 /* ofxGreenscreen.cpp in Sources */,
				BBB059A2189C7CFC006E8222 /* ofxAnimatableOfColor.cpp in Sources */,
				BBB11C0817EA30F1002AAAD8 /* registration.c in Sources */,
				BBB11C0917EA30F1002AAAD8 /* tilt.c in Sources */,
				BBB11C0A17EA30F1002AAAD8 /* usb_libusb10.c in Sources */,
				BBB11C0C17EA30F1002AAAD8 /* ofxKinect.cpp in Sources */,
				BBB11C8A17EA312F002AAAD8 /* ofxCvColorImage.cpp in Sources */,
				BBB11C8B17EA312F002AAAD8 /* ofxCvContourFinder.cpp in Sources */,
				BBB11C8C17EA312F002AAAD8 /* ofxCvFloatImage.cpp in Sources */,
				BBB11C8D17EA312F002AAAD8 /* ofxCvGrayscaleImage.cpp in Sources */,
				BBB059A1189C7CFC006E8222 /* ofxAnimatableFloat.cpp in Sources */,
				BBB11C8E17EA312F002AAAD8 /* ofxCvHaarFinder.cpp in Sources */,
				BBB11C8F17EA312F002AAAD8 /* ofxCvImage.cpp in Sources */,
				BBB11C9017EA312F002AAAD8 /* ofxCvShortImage.cpp in Sources */,
			);
			runOnlyForDeploymentPostprocessing = 0;
		};
/* End PBXSourcesBuildPhase section */

/* Begin PBXTargetDependency section */
		E4EEB9AC138B136A00A80321 /* PBXTargetDependency */ = {
			isa = PBXTargetDependency;
			name = openFrameworks;
			targetProxy = E4EEB9AB138B136A00A80321 /* PBXContainerItemProxy */;
		};
/* End PBXTargetDependency section */

/* Begin XCBuildConfiguration section */
		E4B69B4E0A3A1720003C02F2 /* Debug */ = {
			isa = XCBuildConfiguration;
			baseConfigurationReference = E4EB6923138AFD0F00A09F29 /* Project.xcconfig */;
			buildSettings = {
				ARCHS = "$(NATIVE_ARCH)";
				CONFIGURATION_BUILD_DIR = "$(SRCROOT)/bin/";
				COPY_PHASE_STRIP = NO;
				DEAD_CODE_STRIPPING = YES;
				GCC_AUTO_VECTORIZATION = YES;
				GCC_ENABLE_SSE3_EXTENSIONS = YES;
				GCC_ENABLE_SUPPLEMENTAL_SSE3_INSTRUCTIONS = YES;
				GCC_INLINES_ARE_PRIVATE_EXTERN = NO;
				GCC_OPTIMIZATION_LEVEL = 0;
				GCC_SYMBOLS_PRIVATE_EXTERN = NO;
				GCC_WARN_ABOUT_DEPRECATED_FUNCTIONS = YES;
				GCC_WARN_ABOUT_INVALID_OFFSETOF_MACRO = NO;
				GCC_WARN_ALLOW_INCOMPLETE_PROTOCOL = NO;
				GCC_WARN_UNINITIALIZED_AUTOS = NO;
				GCC_WARN_UNUSED_VALUE = NO;
				GCC_WARN_UNUSED_VARIABLE = NO;
				HEADER_SEARCH_PATHS = (
					"$(OF_CORE_HEADERS)",
					../../../addons/ofxOsc/libs,
					../../../addons/ofxOsc/libs/oscpack,
					../../../addons/ofxOsc/libs/oscpack/src,
					../../../addons/ofxOsc/libs/oscpack/src/ip,
					../../../addons/ofxOsc/libs/oscpack/src/ip/posix,
					../../../addons/ofxOsc/libs/oscpack/src/ip/win32,
					../../../addons/ofxOsc/libs/oscpack/src/osc,
					../../../addons/ofxOsc/src,
					../../../addons/ofxXmlSettings/libs,
					../../../addons/ofxXmlSettings/src,
					../../../addons/ofxRemoteUI/libs,
					../../../addons/ofxRemoteUI/src,
					../../../addons/ofxTimeMeasurements/libs,
					../../../addons/ofxTimeMeasurements/src,
				);
				MACOSX_DEPLOYMENT_TARGET = 10.6;
				OTHER_CPLUSPLUSFLAGS = (
					"-D__MACOSX_CORE__",
					"-lpthread",
					"-mtune=native",
				);
				OTHER_LDFLAGS = (
					"$(OF_CORE_LIBS)",
					"../../../addons/ofxKinect/libs/libusb-1.0/lib/osx/usb-1.0.a",
					../../../addons/ofxOpenCv/libs/opencv/lib/osx/opencv.a,
				);
				SDKROOT = macosx;
			};
			name = Debug;
		};
		E4B69B4F0A3A1720003C02F2 /* Release */ = {
			isa = XCBuildConfiguration;
			baseConfigurationReference = E4EB6923138AFD0F00A09F29 /* Project.xcconfig */;
			buildSettings = {
				ARCHS = "$(NATIVE_ARCH)";
				CONFIGURATION_BUILD_DIR = "$(SRCROOT)/bin/";
				COPY_PHASE_STRIP = YES;
				DEAD_CODE_STRIPPING = YES;
				GCC_AUTO_VECTORIZATION = YES;
				GCC_ENABLE_SSE3_EXTENSIONS = YES;
				GCC_ENABLE_SUPPLEMENTAL_SSE3_INSTRUCTIONS = YES;
				GCC_INLINES_ARE_PRIVATE_EXTERN = NO;
				GCC_OPTIMIZATION_LEVEL = 3;
				GCC_SYMBOLS_PRIVATE_EXTERN = NO;
				GCC_UNROLL_LOOPS = YES;
				GCC_WARN_ABOUT_DEPRECATED_FUNCTIONS = YES;
				GCC_WARN_ABOUT_INVALID_OFFSETOF_MACRO = NO;
				GCC_WARN_ALLOW_INCOMPLETE_PROTOCOL = NO;
				GCC_WARN_UNINITIALIZED_AUTOS = NO;
				GCC_WARN_UNUSED_VALUE = NO;
				GCC_WARN_UNUSED_VARIABLE = NO;
				HEADER_SEARCH_PATHS = (
					"$(OF_CORE_HEADERS)",
					../../../addons/ofxOsc/libs,
					../../../addons/ofxOsc/libs/oscpack,
					../../../addons/ofxOsc/libs/oscpack/src,
					../../../addons/ofxOsc/libs/oscpack/src/ip,
					../../../addons/ofxOsc/libs/oscpack/src/ip/posix,
					../../../addons/ofxOsc/libs/oscpack/src/ip/win32,
					../../../addons/ofxOsc/libs/oscpack/src/osc,
					../../../addons/ofxOsc/src,
					../../../addons/ofxXmlSettings/libs,
					../../../addons/ofxXmlSettings/src,
					../../../addons/ofxRemoteUI/libs,
					../../../addons/ofxRemoteUI/src,
					../../../addons/ofxTimeMeasurements/libs,
					../../../addons/ofxTimeMeasurements/src,
				);
				MACOSX_DEPLOYMENT_TARGET = 10.6;
				OTHER_CPLUSPLUSFLAGS = (
					"-D__MACOSX_CORE__",
					"-lpthread",
					"-mtune=native",
				);
				OTHER_LDFLAGS = (
					"$(OF_CORE_LIBS)",
					"../../../addons/ofxKinect/libs/libusb-1.0/lib/osx/usb-1.0.a",
					../../../addons/ofxOpenCv/libs/opencv/lib/osx/opencv.a,
				);
				SDKROOT = macosx;
			};
			name = Release;
		};
		E4B69B600A3A1757003C02F2 /* Debug */ = {
			isa = XCBuildConfiguration;
			buildSettings = {
				ARCHS = "$(ARCHS_STANDARD_32_BIT)";
				COMBINE_HIDPI_IMAGES = YES;
				COPY_PHASE_STRIP = NO;
				FRAMEWORK_SEARCH_PATHS = (
					"$(inherited)",
					"$(FRAMEWORK_SEARCH_PATHS_QUOTED_FOR_TARGET_1)",
					"\"$(SRCROOT)/EDSDK2600CD/EDSDK/Framework\"",
				);
				FRAMEWORK_SEARCH_PATHS_QUOTED_FOR_TARGET_1 = "\"$(SRCROOT)/../../../libs/glut/lib/osx\"";
				GCC_DYNAMIC_NO_PIC = NO;
				GCC_GENERATE_DEBUGGING_SYMBOLS = YES;
				GCC_MODEL_TUNING = NONE;
				HEADER_SEARCH_PATHS = (
					"$(OF_CORE_HEADERS)",
					../../../addons/ofxOsc/libs,
					../../../addons/ofxOsc/libs/oscpack,
					../../../addons/ofxOsc/libs/oscpack/src,
					../../../addons/ofxOsc/libs/oscpack/src/ip,
					../../../addons/ofxOsc/libs/oscpack/src/ip/posix,
					../../../addons/ofxOsc/libs/oscpack/src/ip/win32,
					../../../addons/ofxOsc/libs/oscpack/src/osc,
					../../../addons/ofxOsc/src,
					../../../addons/ofxXmlSettings/libs,
					../../../addons/ofxXmlSettings/src,
					../../../addons/ofxRemoteUI/libs,
					../../../addons/ofxRemoteUI/src,
					../../../addons/ofxTimeMeasurements/libs,
					../../../addons/ofxTimeMeasurements/src,
					../../../addons/ofxKinect/libs,
					../../../addons/ofxKinect/libs/libfreenect,
					../../../addons/ofxKinect/libs/libfreenect/include,
					../../../addons/ofxKinect/libs/libfreenect/platform,
					../../../addons/ofxKinect/libs/libfreenect/src,
					"../../../addons/ofxKinect/libs/libusb-1.0",
					"../../../addons/ofxKinect/libs/libusb-1.0/include",
					"../../../addons/ofxKinect/libs/libusb-1.0/include/libusb-1.0",
					"../../../addons/ofxKinect/libs/libusb-1.0/lib",
					"../../../addons/ofxKinect/libs/libusb-1.0/lib/osx",
					"../../../addons/ofxKinect/libs/libusb-win32",
					../../../addons/ofxKinect/src,
					../../../addons/ofxOpenCv/libs,
					../../../addons/ofxOpenCv/libs/opencv,
					../../../addons/ofxOpenCv/libs/opencv/include,
					../../../addons/ofxOpenCv/libs/opencv/include/opencv,
					../../../addons/ofxOpenCv/libs/opencv/include/opencv2,
					../../../addons/ofxOpenCv/libs/opencv/include/opencv2/calib3d,
					../../../addons/ofxOpenCv/libs/opencv/include/opencv2/contrib,
					../../../addons/ofxOpenCv/libs/opencv/include/opencv2/core,
					../../../addons/ofxOpenCv/libs/opencv/include/opencv2/features2d,
					../../../addons/ofxOpenCv/libs/opencv/include/opencv2/flann,
					../../../addons/ofxOpenCv/libs/opencv/include/opencv2/gpu,
					../../../addons/ofxOpenCv/libs/opencv/include/opencv2/highgui,
					../../../addons/ofxOpenCv/libs/opencv/include/opencv2/imgproc,
					../../../addons/ofxOpenCv/libs/opencv/include/opencv2/legacy,
					../../../addons/ofxOpenCv/libs/opencv/include/opencv2/ml,
					../../../addons/ofxOpenCv/libs/opencv/include/opencv2/objdetect,
					../../../addons/ofxOpenCv/libs/opencv/include/opencv2/ts,
					../../../addons/ofxOpenCv/libs/opencv/include/opencv2/video,
					../../../addons/ofxOpenCv/libs/opencv/lib,
					../../../addons/ofxOpenCv/libs/opencv/lib/linuxarmv6l,
					../../../addons/ofxOpenCv/libs/opencv/lib/linuxarmv7l,
					../../../addons/ofxOpenCv/libs/opencv/lib/osx,
					../../../addons/ofxOpenCv/src,
				);
				ICON = "$(ICON_NAME_DEBUG)";
				ICON_FILE = "$(ICON_FILE_PATH)$(ICON)";
				INFOPLIST_FILE = "openFrameworks-Info.plist";
				INSTALL_PATH = "$(HOME)/Applications";
				LIBRARY_SEARCH_PATHS = "";
				OTHER_LDFLAGS = (
					"$(OF_CORE_LIBS)",
					"../../../addons/ofxKinect/libs/libusb-1.0/lib/osx/usb-1.0.a",
					../../../addons/ofxOpenCv/libs/opencv/lib/osx/opencv.a,
				);
				PRODUCT_NAME = "$(TARGET_NAME)Debug";
				SDKROOT = macosx;
				WRAPPER_EXTENSION = app;
			};
			name = Debug;
		};
		E4B69B610A3A1757003C02F2 /* Release */ = {
			isa = XCBuildConfiguration;
			buildSettings = {
				ARCHS = "$(ARCHS_STANDARD_32_BIT)";
				COMBINE_HIDPI_IMAGES = YES;
				COPY_PHASE_STRIP = YES;
				FRAMEWORK_SEARCH_PATHS = (
					"$(inherited)",
					"$(FRAMEWORK_SEARCH_PATHS_QUOTED_FOR_TARGET_1)",
					"\"$(SRCROOT)/EDSDK2600CD/EDSDK/Framework\"",
				);
				FRAMEWORK_SEARCH_PATHS_QUOTED_FOR_TARGET_1 = "\"$(SRCROOT)/../../../libs/glut/lib/osx\"";
				GCC_GENERATE_DEBUGGING_SYMBOLS = YES;
				GCC_MODEL_TUNING = NONE;
				HEADER_SEARCH_PATHS = (
					"$(OF_CORE_HEADERS)",
					../../../addons/ofxOsc/libs,
					../../../addons/ofxOsc/libs/oscpack,
					../../../addons/ofxOsc/libs/oscpack/src,
					../../../addons/ofxOsc/libs/oscpack/src/ip,
					../../../addons/ofxOsc/libs/oscpack/src/ip/posix,
					../../../addons/ofxOsc/libs/oscpack/src/ip/win32,
					../../../addons/ofxOsc/libs/oscpack/src/osc,
					../../../addons/ofxOsc/src,
					../../../addons/ofxXmlSettings/libs,
					../../../addons/ofxXmlSettings/src,
					../../../addons/ofxRemoteUI/libs,
					../../../addons/ofxRemoteUI/src,
					../../../addons/ofxTimeMeasurements/libs,
					../../../addons/ofxTimeMeasurements/src,
					../../../addons/ofxKinect/libs,
					../../../addons/ofxKinect/libs/libfreenect,
					../../../addons/ofxKinect/libs/libfreenect/include,
					../../../addons/ofxKinect/libs/libfreenect/platform,
					../../../addons/ofxKinect/libs/libfreenect/src,
					"../../../addons/ofxKinect/libs/libusb-1.0",
					"../../../addons/ofxKinect/libs/libusb-1.0/include",
					"../../../addons/ofxKinect/libs/libusb-1.0/include/libusb-1.0",
					"../../../addons/ofxKinect/libs/libusb-1.0/lib",
					"../../../addons/ofxKinect/libs/libusb-1.0/lib/osx",
					"../../../addons/ofxKinect/libs/libusb-win32",
					../../../addons/ofxKinect/src,
					../../../addons/ofxOpenCv/libs,
					../../../addons/ofxOpenCv/libs/opencv,
					../../../addons/ofxOpenCv/libs/opencv/include,
					../../../addons/ofxOpenCv/libs/opencv/include/opencv,
					../../../addons/ofxOpenCv/libs/opencv/include/opencv2,
					../../../addons/ofxOpenCv/libs/opencv/include/opencv2/calib3d,
					../../../addons/ofxOpenCv/libs/opencv/include/opencv2/contrib,
					../../../addons/ofxOpenCv/libs/opencv/include/opencv2/core,
					../../../addons/ofxOpenCv/libs/opencv/include/opencv2/features2d,
					../../../addons/ofxOpenCv/libs/opencv/include/opencv2/flann,
					../../../addons/ofxOpenCv/libs/opencv/include/opencv2/gpu,
					../../../addons/ofxOpenCv/libs/opencv/include/opencv2/highgui,
					../../../addons/ofxOpenCv/libs/opencv/include/opencv2/imgproc,
					../../../addons/ofxOpenCv/libs/opencv/include/opencv2/legacy,
					../../../addons/ofxOpenCv/libs/opencv/include/opencv2/ml,
					../../../addons/ofxOpenCv/libs/opencv/include/opencv2/objdetect,
					../../../addons/ofxOpenCv/libs/opencv/include/opencv2/ts,
					../../../addons/ofxOpenCv/libs/opencv/include/opencv2/video,
					../../../addons/ofxOpenCv/libs/opencv/lib,
					../../../addons/ofxOpenCv/libs/opencv/lib/linuxarmv6l,
					../../../addons/ofxOpenCv/libs/opencv/lib/linuxarmv7l,
					../../../addons/ofxOpenCv/libs/opencv/lib/osx,
					../../../addons/ofxOpenCv/src,
				);
				ICON = "$(ICON_NAME_RELEASE)";
				ICON_FILE = "$(ICON_FILE_PATH)$(ICON)";
				INFOPLIST_FILE = "openFrameworks-Info.plist";
				INSTALL_PATH = "$(HOME)/Applications";
				LIBRARY_SEARCH_PATHS = "";
				OTHER_LDFLAGS = (
					"$(OF_CORE_LIBS)",
					"../../../addons/ofxKinect/libs/libusb-1.0/lib/osx/usb-1.0.a",
					../../../addons/ofxOpenCv/libs/opencv/lib/osx/opencv.a,
				);
				PRODUCT_NAME = "$(TARGET_NAME)";
				SDKROOT = macosx;
				WRAPPER_EXTENSION = app;
			};
			name = Release;
		};
/* End XCBuildConfiguration section */

/* Begin XCConfigurationList section */
		E4B69B4D0A3A1720003C02F2 /* Build configuration list for PBXProject "remoteUI_Sketch" */ = {
			isa = XCConfigurationList;
			buildConfigurations = (
				E4B69B4E0A3A1720003C02F2 /* Debug */,
				E4B69B4F0A3A1720003C02F2 /* Release */,
			);
			defaultConfigurationIsVisible = 0;
			defaultConfigurationName = Release;
		};
		E4B69B5F0A3A1757003C02F2 /* Build configuration list for PBXNativeTarget "remoteUI_Sketch" */ = {
			isa = XCConfigurationList;
			buildConfigurations = (
				E4B69B600A3A1757003C02F2 /* Debug */,
				E4B69B610A3A1757003C02F2 /* Release */,
			);
			defaultConfigurationIsVisible = 0;
			defaultConfigurationName = Release;
		};
/* End XCConfigurationList section */
	};
	rootObject = E4B69B4C0A3A1720003C02F2 /* Project object */;
}
